{
  "version": 2,
  "dependencies": {
    "net8.0": {
      "StyleCop.Analyzers": {
        "type": "Direct",
        "requested": "[1.2.0-beta.556, )",
        "resolved": "1.2.0-beta.556",
        "contentHash": "llRPgmA1fhC0I0QyFLEcjvtM2239QzKr/tcnbsjArLMJxJlu0AA5G7Fft0OI30pHF3MW63Gf4aSSsjc5m82J1Q==",
        "dependencies": {
          "StyleCop.Analyzers.Unstable": "1.2.0.556"
        }
      },
      "Google.OrTools.runtime.linux-arm64": {
        "type": "Transitive",
        "resolved": "9.4.1874",
        "contentHash": "Z46ndZcZa2Lt5b76xU9kxVYbPLg/LfuMufhUVsu3Qo3L7Bibf7WXd9j7RRldjnuv8RIHWTqb0b+2FwwMxs0c5A=="
      },
      "Google.OrTools.runtime.linux-x64": {
        "type": "Transitive",
        "resolved": "9.4.1874",
        "contentHash": "zGeDb8FuvP9HXjrsU7krVXtSDFpR+DUGNEsH51k94jL9tzf2vWYI8+WUBRHZ/cGe50dpLr+vIjfcNo3gFyOpkQ=="
      },
      "Google.OrTools.runtime.osx-arm64": {
        "type": "Transitive",
        "resolved": "9.4.1874",
        "contentHash": "Wo0ZfDaH6DhiQw0jZm4HWJm/oPGPpWNwOLUz+EYaoH3MLtocSxItHGQj/Ta3HyhXnYNOv+TliAH8L+8RCXu/2w=="
      },
      "Google.OrTools.runtime.osx-x64": {
        "type": "Transitive",
        "resolved": "9.4.1874",
        "contentHash": "IAfGgKR1og6vU87axK1d37Ak/4jy8B4NMoElovG/KZc/2UY+cJEAQDA709UMegtI4lBhuxTWFNUiHQYmRIB9yQ=="
      },
      "Google.OrTools.runtime.win-x64": {
        "type": "Transitive",
        "resolved": "9.4.1874",
        "contentHash": "fUs5qDnZA6itygolcX6nPuachQkY9CVvQbakIzIiRAWKcaj8umQAbFdGwbkyzp3qp34BKW5mtPVsmMyfQBBjOQ=="
      },
      "libortki": {
        "type": "Transitive",
        "resolved": "0.0.2",
        "contentHash": "svfuG5mxGY/QC/5DVheHOCELmdSP90RtxQ73j23KarPXZ9ZXW+7v1l5J77hGDyQbEh1BGrnGgKBlyn76RauGHg==",
        "dependencies": {
          "libortki-linux": "0.0.2",
          "libortki-osx": "0.0.2",
          "libortki-osx-arm64": "0.0.2",
          "libortki-win": "0.0.2"
        }
      },
      "libortki-linux": {
        "type": "Transitive",
        "resolved": "0.0.2",
        "contentHash": "b04LWD4lgGy60tys3hPFhnUpgWDM6dN5r1PI7GOcPj8VupXCaI70LKNQ5/5twbDE6rkowOGanVTw0S2wBGBqBQ=="
      },
      "libortki-osx": {
        "type": "Transitive",
        "resolved": "0.0.2",
        "contentHash": "O6Q9GLULkDkZEPAZJVKLPH0ROXGVOE7BxuddgOcHNK2oiTEM7wIRnzp2OIlYgLpaOLyxJMisbGOhtWgdzt2Wng=="
      },
      "libortki-osx-arm64": {
        "type": "Transitive",
        "resolved": "0.0.2",
        "contentHash": "4Qn2dirJmRicnUG945oWpq7HVGwgqCKKxYPMISv/MRvmpZBbXrZ1cVvRaF8WwTu4XXgfKTa1sLv+i8zLifUMeQ=="
      },
      "libortki-win": {
        "type": "Transitive",
        "resolved": "0.0.2",
        "contentHash": "HAoROgAKn8XBun11X43HZuspKlo5JGy8/OYw5IUPo7FVh5TCaPrLjGmyGYYZ2dqLlv31yv/b6s254PIRGn95cA=="
      },
      "Microsoft.Extensions.Configuration.Abstractions": {
        "type": "Transitive",
        "resolved": "8.0.0",
        "contentHash": "3lE/iLSutpgX1CC0NOW70FJoGARRHbyKmG7dc0klnUZ9Dd9hS6N/POPWhKhMLCEuNN5nXEY5agmlFtH562vqhQ==",
        "dependencies": {
          "Microsoft.Extensions.Primitives": "8.0.0"
        }
      },
      "Microsoft.Extensions.DependencyInjection.Abstractions": {
        "type": "Transitive",
        "resolved": "8.0.1",
        "contentHash": "fGLiCRLMYd00JYpClraLjJTNKLmMJPnqxMaiRzEBIIvevlzxz33mXy39Lkd48hu1G+N21S7QpaO5ZzKsI6FRuA=="
      },
      "Microsoft.Extensions.Diagnostics.Abstractions": {
        "type": "Transitive",
        "resolved": "8.0.0",
        "contentHash": "JHYCQG7HmugNYUhOl368g+NMxYE/N/AiclCYRNlgCY9eVyiBkOHMwK4x60RYMxv9EL3+rmj1mqHvdCiPpC+D4Q==",
        "dependencies": {
          "Microsoft.Extensions.DependencyInjection.Abstractions": "8.0.0",
          "Microsoft.Extensions.Options": "8.0.0",
          "System.Diagnostics.DiagnosticSource": "8.0.0"
        }
      },
      "Microsoft.Extensions.FileProviders.Abstractions": {
        "type": "Transitive",
        "resolved": "8.0.0",
        "contentHash": "ZbaMlhJlpisjuWbvXr4LdAst/1XxH3vZ6A0BsgTphZ2L4PGuxRLz7Jr/S7mkAAnOn78Vu0fKhEgNF5JO3zfjqQ==",
        "dependencies": {
          "Microsoft.Extensions.Primitives": "8.0.0"
        }
      },
      "Microsoft.Extensions.Primitives": {
        "type": "Transitive",
        "resolved": "8.0.0",
        "contentHash": "bXJEZrW9ny8vjMF1JV253WeLhpEVzFo1lyaZu1vQ4ZxWUlVvknZ/+ftFgVheLubb4eZPSwwxBeqS1JkCOjxd8g=="
      },
      "NetFabric.Hyperlinq.Abstractions": {
        "type": "Transitive",
        "resolved": "1.3.0",
        "contentHash": "WXnEcGwmXfa8gW9N2MlcaPNUzM3NLMwnAhacbtH554F8YcoXbIkTB+uGa1Aa+9gyb/9JZgYVHnmADgJUKP52nA=="
      },
      "StyleCop.Analyzers.Unstable": {
        "type": "Transitive",
        "resolved": "1.2.0.556",
        "contentHash": "zvn9Mqs/ox/83cpYPignI8hJEM2A93s2HkHs8HYMOAQW0PkampyoErAiIyKxgTLqbbad29HX/shv/6LGSjPJNQ=="
      },
      "System.Buffers": {
        "type": "Transitive",
        "resolved": "4.5.1",
        "contentHash": "Rw7ijyl1qqRS0YQD/WycNst8hUUMgrMH4FCn1nNm27M4VxchZ1js3fVjQaANHO5f3sN4isvP4a+Met9Y4YomAg=="
      },
      "System.Diagnostics.DiagnosticSource": {
        "type": "Transitive",
        "resolved": "8.0.0",
        "contentHash": "c9xLpVz6PL9lp/djOWtk5KPDZq3cSYpmXoJQY524EOtuFl5z9ZtsotpsyrDW40U1DRnQSYvcPKEUV0X//u6gkQ=="
      },
      "System.Runtime.CompilerServices.Unsafe": {
        "type": "Transitive",
        "resolved": "5.0.0",
        "contentHash": "ZD9TMpsmYJLrxbbmdvhwt9YEgG5WntEnZ/d1eH8JBX9LBp+Ju8BSBhUGbZMNVHHomWo2KVImJhTDl2hIgw/6MA=="
      },
      "nncase.codegen": {
        "type": "Project",
        "dependencies": {
          "Extension.Mathematics": "[1.2.12, )",
          "Nncase.Core": "[1.0.0, )",
          "Nncase.IO": "[1.0.0, )"
        }
      },
      "nncase.core": {
        "type": "Project",
        "dependencies": {
          "CommunityToolkit.HighPerformance": "[8.2.2, )",
          "DryIoc.dll": "[5.4.3, )",
          "GiGraph.Dot": "[3.0.1, )",
          "Microsoft.Extensions.Hosting.Abstractions": "[8.0.0, )",
          "Microsoft.Extensions.Logging.Abstractions": "[8.0.1, )",
          "Microsoft.Extensions.Options": "[8.0.2, )",
          "NetFabric.Hyperlinq": "[3.0.0-beta48, )",
          "System.CommandLine": "[2.0.0-beta4.22272.1, )",
          "System.Reactive": "[6.0.0, )"
        }
      },
      "nncase.egraph": {
        "type": "Project",
        "dependencies": {
          "GiGraph.Dot": "[3.0.1, )",
          "Google.OrTools": "[9.4.1874, )",
          "NetFabric.Hyperlinq": "[3.0.0-beta48, )",
          "Nncase.Core": "[1.0.0, )",
          "Nncase.Evaluator": "[1.0.0, )"
        }
      },
      "nncase.evaluator": {
        "type": "Project",
        "dependencies": {
          "Nncase.Core": "[1.0.0, )",
          "OrtKISharp": "[0.0.2, )"
        }
      },
      "nncase.graph": {
        "type": "Project",
        "dependencies": {
          "Nncase.Core": "[1.0.0, )",
          "Nncase.Evaluator": "[1.0.0, )",
          "QuikGraph": "[2.5.0, )"
        }
      },
      "nncase.io": {
        "type": "Project"
      },
      "nncase.passes": {
        "type": "Project",
        "dependencies": {
          "Nncase.Core": "[1.0.0, )",
          "Nncase.EGraph": "[1.0.0, )",
          "Nncase.Evaluator": "[1.0.0, )",
          "Nncase.Graph": "[1.0.0, )",
          "QuikGraph.Graphviz": "[2.5.0, )"
        }
      },
      "nncase.schedule": {
        "type": "Project",
        "dependencies": {
          "Google.OrTools": "[9.4.1874, )",
          "Nncase.Core": "[1.0.0, )",
          "Nncase.Passes": "[1.0.0, )"
        }
      },
      "CommunityToolkit.HighPerformance": {
        "type": "CentralTransitive",
        "requested": "[8.2.2, )",
        "resolved": "8.2.2",
        "contentHash": "+zIp8d3sbtYaRbM6hqDs4Ui/z34j7DcUmleruZlYLE4CVxXq+MO8XJyIs42vzeTYFX+k0Iq1dEbBUnQ4z/Gnrw=="
      },
      "DryIoc.dll": {
        "type": "CentralTransitive",
        "requested": "[5.4.3, )",
        "resolved": "5.4.3",
        "contentHash": "yhXOG3SOxeWYxBAWskNRDD8fzw5hriEawv4VN4WKaFHOuubiop4kxe2rkWTEyCnTgRVgxVUSQCDBBkZqwPm1iQ=="
      },
      "Extension.Mathematics": {
        "type": "CentralTransitive",
        "requested": "[1.2.12, )",
        "resolved": "1.2.12",
        "contentHash": "D4mn5Cab4ztPLJ0V8uMErDrO/Y61098nwrvyIOLZymVAYOQcwP1vomVWKbTagf1aPU3cX5Q7adZtQEQwOy6XEg=="
      },
      "GiGraph.Dot": {
        "type": "CentralTransitive",
        "requested": "[3.0.1, )",
        "resolved": "3.0.1",
        "contentHash": "TseDWNkBFKrrrzamgl2yeSDk9gmxQZvymcTqRydY/EL9REM9jBwCHFceg7AutXw3ULUL/FKhc1uFzfd2Cjpe/A=="
      },
      "Google.OrTools": {
        "type": "CentralTransitive",
        "requested": "[9.4.1874, )",
        "resolved": "9.4.1874",
        "contentHash": "jqRoI+pYlym+fhoU25u+13oti5h+772bllQ9zDitTVMclDXVTiG6pxzvmYO74wnADBMdpb2SQlgiNQxoNk5dlA==",
        "dependencies": {
          "Google.OrTools.runtime.linux-arm64": "9.4.1874",
          "Google.OrTools.runtime.linux-x64": "9.4.1874",
          "Google.OrTools.runtime.osx-arm64": "9.4.1874",
          "Google.OrTools.runtime.osx-x64": "9.4.1874",
          "Google.OrTools.runtime.win-x64": "9.4.1874",
          "Google.Protobuf": "3.19.4"
        }
      },
      "Google.Protobuf": {
        "type": "CentralTransitive",
        "requested": "[3.27.3, )",
        "resolved": "3.19.4",
        "contentHash": "fd07/ykL4O4FhqrZIELm5lmiyOHfdPg9+o+hWr6tcfRdS7tHXnImg/2wtogLzlW2eEmr0J7j6ZrZvaWOLiJbxQ=="
      },
      "Microsoft.Extensions.Hosting.Abstractions": {
        "type": "CentralTransitive",
        "requested": "[8.0.0, )",
        "resolved": "8.0.0",
        "contentHash": "AG7HWwVRdCHlaA++1oKDxLsXIBxmDpMPb3VoyOoAghEWnkUvEAdYQUwnV4jJbAaa/nMYNiEh5ByoLauZBEiovg==",
        "dependencies": {
          "Microsoft.Extensions.Configuration.Abstractions": "8.0.0",
          "Microsoft.Extensions.DependencyInjection.Abstractions": "8.0.0",
          "Microsoft.Extensions.Diagnostics.Abstractions": "8.0.0",
          "Microsoft.Extensions.FileProviders.Abstractions": "8.0.0",
          "Microsoft.Extensions.Logging.Abstractions": "8.0.0"
        }
      },
      "Microsoft.Extensions.Logging.Abstractions": {
        "type": "CentralTransitive",
        "requested": "[8.0.1, )",
        "resolved": "8.0.1",
        "contentHash": "RIFgaqoaINxkM2KTOw72dmilDmTrYA0ns2KW4lDz4gZ2+o6IQ894CzmdL3StM2oh7QQq44nCWiqKqc4qUI9Jmg==",
        "dependencies": {
          "Microsoft.Extensions.DependencyInjection.Abstractions": "8.0.1"
        }
      },
      "Microsoft.Extensions.Options": {
        "type": "CentralTransitive",
        "requested": "[8.0.2, )",
        "resolved": "8.0.2",
        "contentHash": "dWGKvhFybsaZpGmzkGCbNNwBD1rVlWzrZKANLW/CcbFJpCEceMCGzT7zZwHOGBCbwM0SzBuceMj5HN1LKV1QqA==",
        "dependencies": {
          "Microsoft.Extensions.DependencyInjection.Abstractions": "8.0.0",
          "Microsoft.Extensions.Primitives": "8.0.0"
        }
      },
      "NetFabric.Hyperlinq": {
        "type": "CentralTransitive",
        "requested": "[3.0.0-beta48, )",
        "resolved": "3.0.0-beta48",
        "contentHash": "oYUhXvxNS8bBJWqNkvx5g8y0P/0LtyqS2pN0w4OWjVDNWEpLbdbvPy9w/9z1n2PrqIjX3jxUsEnoCmxxGnI3gw==",
        "dependencies": {
          "NetFabric.Hyperlinq.Abstractions": "1.3.0",
          "System.Buffers": "4.5.1",
          "System.Runtime.CompilerServices.Unsafe": "5.0.0"
        }
      },
      "OrtKISharp": {
        "type": "CentralTransitive",
        "requested": "[0.0.2, )",
        "resolved": "0.0.2",
        "contentHash": "q8j0yR5836Zhv9WB9BFkQt1UaEFyibq8bqJcTiULlILF6/sz8z7Wy2N8sgYdDKsdW25zncIz7j6IDbKM5ynePg==",
        "dependencies": {
          "libortki": "0.0.2"
        }
      },
      "QuikGraph": {
        "type": "CentralTransitive",
        "requested": "[2.5.0, )",
        "resolved": "2.5.0",
        "contentHash": "sG+mrPpXwxlXknRK5VqWUGiOmDACa9X+3ftlkQIMgOZUqxVOQSe0+HIU9PTjwqazy0pqSf8MPDXYFGl0GYWcKw=="
      },
      "QuikGraph.Graphviz": {
        "type": "CentralTransitive",
        "requested": "[2.5.0, )",
        "resolved": "2.5.0",
        "contentHash": "pCKpErtHGxUi72OT+2aIg1pdHdUqpqEM5J/i9rmVsEVDE4X0xb1HBPWdxv/FLZmbBjk0ZogZXZttUL3CnAPpNw==",
        "dependencies": {
          "QuikGraph": "2.5.0"
        }
      },
      "System.CommandLine": {
        "type": "CentralTransitive",
        "requested": "[2.0.0-beta4.22272.1, )",
        "resolved": "2.0.0-beta4.22272.1",
        "contentHash": "1uqED/q2H0kKoLJ4+hI2iPSBSEdTuhfCYADeJrAqERmiGQ2NNacYKRNEQ+gFbU4glgVyK8rxI+ZOe1onEtr/Pg=="
      },
      "System.Reactive": {
        "type": "CentralTransitive",
        "requested": "[6.0.0, )",
        "resolved": "6.0.0",
        "contentHash": "31kfaW4ZupZzPsI5PVe77VhnvFF55qgma7KZr/E0iFTs6fmdhhG8j0mgEx620iLTey1EynOkEfnyTjtNEpJzGw=="
      }
    }
  }
}