
Microsoft Visual Studio Solution File, Format Version 12.00
# Visual Studio Version 17
VisualStudioVersion = 17.0.31912.275
MinimumVisualStudioVersion = 10.0.40219.1
Project("{9A19103F-16F7-4668-BE54-9A1E7A4F7556}") = "Nncase.Cli", "src\Nncase.Cli\Nncase.Cli.csproj", "{660FD7A4-00E7-42EA-A119-64FB0125A7D7}"
EndProject
Project("{2150E333-8FDC-42A3-9474-1A3956D46DE8}") = "src", "src", "{BCA74168-F015-4B5B-B4CD-C83AE06B9822}"
EndProject
Project("{2150E333-8FDC-42A3-9474-1A3956D46DE8}") = "tools", "tools", "{E11A07F5-DDF9-4BCA-94E4-988913EF7F51}"
	ProjectSection(SolutionItems) = preProject
		tools\stylecop.json = tools\stylecop.json
		tools\StyleCopAnalyzers.ruleset = tools\StyleCopAnalyzers.ruleset
	EndProjectSection
EndProject
Project("{9A19103F-16F7-4668-BE54-9A1E7A4F7556}") = "Nncase.Core", "src\Nncase.Core\Nncase.Core.csproj", "{2978CFB1-1530-4EC3-BB5F-130B6F606F85}"
EndProject
Project("{9A19103F-16F7-4668-BE54-9A1E7A4F7556}") = "Nncase.Importer", "src\Nncase.Importer\Nncase.Importer.csproj", "{37410602-6F3A-46F4-8CFD-9B8742BB98F4}"
EndProject
Project("{2150E333-8FDC-42A3-9474-1A3956D46DE8}") = "third_party", "third_party", "{FEAF8697-E12C-4A11-AAA2-D29043CDDF78}"
EndProject
Project("{2150E333-8FDC-42A3-9474-1A3956D46DE8}") = "tflite", "tflite", "{9CCCCB15-D076-4413-9961-418453BAC7D3}"
EndProject
Project("{9A19103F-16F7-4668-BE54-9A1E7A4F7556}") = "TFLite.Schema", "third_party\tflite\TFLite.Schema.csproj", "{3FC5D2DD-32D4-4DCB-841E-855F8452CDB1}"
EndProject
Project("{9A19103F-16F7-4668-BE54-9A1E7A4F7556}") = "Nncase.EGraph", "src\Nncase.EGraph\Nncase.EGraph.csproj", "{3FED3BEB-C5EE-4035-92D3-19778B39F69A}"
EndProject
Project("{2150E333-8FDC-42A3-9474-1A3956D46DE8}") = "tests", "tests", "{E5A4516C-4080-4346-991D-57A7AA76ADA6}"
EndProject
Project("{9A19103F-16F7-4668-BE54-9A1E7A4F7556}") = "Nncase.Tests", "src\Nncase.Tests\Nncase.Tests.csproj", "{91EF1A8E-A34E-489F-A69C-73FFCBF31804}"
EndProject
Project("{9A19103F-16F7-4668-BE54-9A1E7A4F7556}") = "Nncase.Evaluator", "src\Nncase.Evaluator\Nncase.Evaluator.csproj", "{918A1D28-E49F-4269-BD14-D5E1D5937641}"
EndProject
Project("{9A19103F-16F7-4668-BE54-9A1E7A4F7556}") = "Nncase.Pattern", "src\Nncase.Pattern\Nncase.Pattern.csproj", "{553D9D13-747D-415D-955E-0E002959891B}"
EndProject
Project("{9A19103F-16F7-4668-BE54-9A1E7A4F7556}") = "Nncase.Graph", "src\Nncase.Graph\Nncase.Graph.csproj", "{5600CF6C-72FC-424B-9788-EB87DE1715E0}"
EndProject
Project("{2150E333-8FDC-42A3-9474-1A3956D46DE8}") = "onnx", "onnx", "{93F45C01-DAFF-4EC4-9BD4-2542FF937D9E}"
EndProject
Project("{9A19103F-16F7-4668-BE54-9A1E7A4F7556}") = "Onnx.Protobuf", "third_party\onnx\Onnx.Protobuf.csproj", "{0214547A-FA3D-455A-8B22-8673CA1E4496}"
EndProject
Project("{9A19103F-16F7-4668-BE54-9A1E7A4F7556}") = "Nncase.CodeGen", "src\Nncase.CodeGen\Nncase.CodeGen.csproj", "{0B580057-DCBD-4ED6-B932-0F54C59D89A6}"
EndProject
Project("{FAE04EC0-301F-11D3-BF4B-00C04F79EFBC}") = "Nncase.IO", "src\Nncase.IO\Nncase.IO.csproj", "{9AC2177F-177C-4FA4-B111-059D4C70F0FC}"
EndProject
Project("{FAE04EC0-301F-11D3-BF4B-00C04F79EFBC}") = "Nncase.Schedule", "src\Nncase.Schedule\Nncase.Schedule.csproj", "{8E0E0672-0F96-4EF1-BDCD-D31F96A3DF73}"
EndProject
Global
	GlobalSection(SolutionConfigurationPlatforms) = preSolution
		Debug|Any CPU = Debug|Any CPU
		Release|Any CPU = Release|Any CPU
	EndGlobalSection
	GlobalSection(ProjectConfigurationPlatforms) = postSolution
		{660FD7A4-00E7-42EA-A119-64FB0125A7D7}.Debug|Any CPU.ActiveCfg = Debug|Any CPU
		{660FD7A4-00E7-42EA-A119-64FB0125A7D7}.Debug|Any CPU.Build.0 = Debug|Any CPU
		{660FD7A4-00E7-42EA-A119-64FB0125A7D7}.Release|Any CPU.ActiveCfg = Release|Any CPU
		{660FD7A4-00E7-42EA-A119-64FB0125A7D7}.Release|Any CPU.Build.0 = Release|Any CPU
		{2978CFB1-1530-4EC3-BB5F-130B6F606F85}.Debug|Any CPU.ActiveCfg = Debug|Any CPU
		{2978CFB1-1530-4EC3-BB5F-130B6F606F85}.Debug|Any CPU.Build.0 = Debug|Any CPU
		{2978CFB1-1530-4EC3-BB5F-130B6F606F85}.Release|Any CPU.ActiveCfg = Release|Any CPU
		{2978CFB1-1530-4EC3-BB5F-130B6F606F85}.Release|Any CPU.Build.0 = Release|Any CPU
		{37410602-6F3A-46F4-8CFD-9B8742BB98F4}.Debug|Any CPU.ActiveCfg = Debug|Any CPU
		{37410602-6F3A-46F4-8CFD-9B8742BB98F4}.Debug|Any CPU.Build.0 = Debug|Any CPU
		{37410602-6F3A-46F4-8CFD-9B8742BB98F4}.Release|Any CPU.ActiveCfg = Release|Any CPU
		{37410602-6F3A-46F4-8CFD-9B8742BB98F4}.Release|Any CPU.Build.0 = Release|Any CPU
		{3FC5D2DD-32D4-4DCB-841E-855F8452CDB1}.Debug|Any CPU.ActiveCfg = Debug|Any CPU
		{3FC5D2DD-32D4-4DCB-841E-855F8452CDB1}.Debug|Any CPU.Build.0 = Debug|Any CPU
		{3FC5D2DD-32D4-4DCB-841E-855F8452CDB1}.Release|Any CPU.ActiveCfg = Release|Any CPU
		{3FC5D2DD-32D4-4DCB-841E-855F8452CDB1}.Release|Any CPU.Build.0 = Release|Any CPU
		{3FED3BEB-C5EE-4035-92D3-19778B39F69A}.Debug|Any CPU.ActiveCfg = Debug|Any CPU
		{3FED3BEB-C5EE-4035-92D3-19778B39F69A}.Debug|Any CPU.Build.0 = Debug|Any CPU
		{3FED3BEB-C5EE-4035-92D3-19778B39F69A}.Release|Any CPU.ActiveCfg = Release|Any CPU
		{3FED3BEB-C5EE-4035-92D3-19778B39F69A}.Release|Any CPU.Build.0 = Release|Any CPU
		{91EF1A8E-A34E-489F-A69C-73FFCBF31804}.Debug|Any CPU.ActiveCfg = Debug|Any CPU
		{91EF1A8E-A34E-489F-A69C-73FFCBF31804}.Debug|Any CPU.Build.0 = Debug|Any CPU
		{91EF1A8E-A34E-489F-A69C-73FFCBF31804}.Release|Any CPU.ActiveCfg = Release|Any CPU
		{91EF1A8E-A34E-489F-A69C-73FFCBF31804}.Release|Any CPU.Build.0 = Release|Any CPU
		{918A1D28-E49F-4269-BD14-D5E1D5937641}.Debug|Any CPU.ActiveCfg = Debug|Any CPU
		{918A1D28-E49F-4269-BD14-D5E1D5937641}.Debug|Any CPU.Build.0 = Debug|Any CPU
		{918A1D28-E49F-4269-BD14-D5E1D5937641}.Release|Any CPU.ActiveCfg = Release|Any CPU
		{918A1D28-E49F-4269-BD14-D5E1D5937641}.Release|Any CPU.Build.0 = Release|Any CPU
		{553D9D13-747D-415D-955E-0E002959891B}.Debug|Any CPU.ActiveCfg = Debug|Any CPU
		{553D9D13-747D-415D-955E-0E002959891B}.Debug|Any CPU.Build.0 = Debug|Any CPU
		{553D9D13-747D-415D-955E-0E002959891B}.Release|Any CPU.ActiveCfg = Release|Any CPU
		{553D9D13-747D-415D-955E-0E002959891B}.Release|Any CPU.Build.0 = Release|Any CPU
		{5600CF6C-72FC-424B-9788-EB87DE1715E0}.Debug|Any CPU.ActiveCfg = Debug|Any CPU
		{5600CF6C-72FC-424B-9788-EB87DE1715E0}.Debug|Any CPU.Build.0 = Debug|Any CPU
		{5600CF6C-72FC-424B-9788-EB87DE1715E0}.Release|Any CPU.ActiveCfg = Release|Any CPU
		{5600CF6C-72FC-424B-9788-EB87DE1715E0}.Release|Any CPU.Build.0 = Release|Any CPU
		{0214547A-FA3D-455A-8B22-8673CA1E4496}.Debug|Any CPU.ActiveCfg = Debug|Any CPU
		{0214547A-FA3D-455A-8B22-8673CA1E4496}.Debug|Any CPU.Build.0 = Debug|Any CPU
		{0214547A-FA3D-455A-8B22-8673CA1E4496}.Release|Any CPU.ActiveCfg = Release|Any CPU
		{0214547A-FA3D-455A-8B22-8673CA1E4496}.Release|Any CPU.Build.0 = Release|Any CPU
		{0B580057-DCBD-4ED6-B932-0F54C59D89A6}.Debug|Any CPU.ActiveCfg = Debug|Any CPU
		{0B580057-DCBD-4ED6-B932-0F54C59D89A6}.Debug|Any CPU.Build.0 = Debug|Any CPU
		{0B580057-DCBD-4ED6-B932-0F54C59D89A6}.Release|Any CPU.ActiveCfg = Release|Any CPU
		{0B580057-DCBD-4ED6-B932-0F54C59D89A6}.Release|Any CPU.Build.0 = Release|Any CPU
		{9AC2177F-177C-4FA4-B111-059D4C70F0FC}.Debug|Any CPU.ActiveCfg = Debug|Any CPU
		{9AC2177F-177C-4FA4-B111-059D4C70F0FC}.Debug|Any CPU.Build.0 = Debug|Any CPU
		{9AC2177F-177C-4FA4-B111-059D4C70F0FC}.Release|Any CPU.ActiveCfg = Release|Any CPU
		{9AC2177F-177C-4FA4-B111-059D4C70F0FC}.Release|Any CPU.Build.0 = Release|Any CPU
		{8E0E0672-0F96-4EF1-BDCD-D31F96A3DF73}.Debug|Any CPU.ActiveCfg = Debug|Any CPU
		{8E0E0672-0F96-4EF1-BDCD-D31F96A3DF73}.Debug|Any CPU.Build.0 = Debug|Any CPU
		{8E0E0672-0F96-4EF1-BDCD-D31F96A3DF73}.Release|Any CPU.ActiveCfg = Release|Any CPU
		{8E0E0672-0F96-4EF1-BDCD-D31F96A3DF73}.Release|Any CPU.Build.0 = Release|Any CPU
	EndGlobalSection
	GlobalSection(SolutionProperties) = preSolution
		HideSolutionNode = FALSE
	EndGlobalSection
	GlobalSection(NestedProjects) = preSolution
		{660FD7A4-00E7-42EA-A119-64FB0125A7D7} = {BCA74168-F015-4B5B-B4CD-C83AE06B9822}
		{2978CFB1-1530-4EC3-BB5F-130B6F606F85} = {BCA74168-F015-4B5B-B4CD-C83AE06B9822}
		{37410602-6F3A-46F4-8CFD-9B8742BB98F4} = {BCA74168-F015-4B5B-B4CD-C83AE06B9822}
		{9CCCCB15-D076-4413-9961-418453BAC7D3} = {FEAF8697-E12C-4A11-AAA2-D29043CDDF78}
		{3FC5D2DD-32D4-4DCB-841E-855F8452CDB1} = {9CCCCB15-D076-4413-9961-418453BAC7D3}
		{3FED3BEB-C5EE-4035-92D3-19778B39F69A} = {BCA74168-F015-4B5B-B4CD-C83AE06B9822}
		{91EF1A8E-A34E-489F-A69C-73FFCBF31804} = {E5A4516C-4080-4346-991D-57A7AA76ADA6}
		{918A1D28-E49F-4269-BD14-D5E1D5937641} = {BCA74168-F015-4B5B-B4CD-C83AE06B9822}
		{553D9D13-747D-415D-955E-0E002959891B} = {BCA74168-F015-4B5B-B4CD-C83AE06B9822}
		{5600CF6C-72FC-424B-9788-EB87DE1715E0} = {BCA74168-F015-4B5B-B4CD-C83AE06B9822}
		{93F45C01-DAFF-4EC4-9BD4-2542FF937D9E} = {FEAF8697-E12C-4A11-AAA2-D29043CDDF78}
		{0214547A-FA3D-455A-8B22-8673CA1E4496} = {93F45C01-DAFF-4EC4-9BD4-2542FF937D9E}
		{0B580057-DCBD-4ED6-B932-0F54C59D89A6} = {BCA74168-F015-4B5B-B4CD-C83AE06B9822}
		{9AC2177F-177C-4FA4-B111-059D4C70F0FC} = {BCA74168-F015-4B5B-B4CD-C83AE06B9822}
		{8E0E0672-0F96-4EF1-BDCD-D31F96A3DF73} = {BCA74168-F015-4B5B-B4CD-C83AE06B9822}
	EndGlobalSection
	GlobalSection(ExtensibilityGlobals) = postSolution
		SolutionGuid = {B251C48E-7D05-4662-8DFF-20843CB2DB99}
	EndGlobalSection
EndGlobal
