
Microsoft Visual Studio Solution File, Format Version 12.00
# Visual Studio Version 17
VisualStudioVersion = 17.0.31912.275
MinimumVisualStudioVersion = 10.0.40219.1
Project("{9A19103F-16F7-4668-BE54-9A1E7A4F7556}") = "Nncase.Cli", "src\Nncase.Cli\Nncase.Cli.csproj", "{660FD7A4-00E7-42EA-A119-64FB0125A7D7}"
EndProject
Project("{2150E333-8FDC-42A3-9474-1A3956D46DE8}") = "src", "src", "{BCA74168-F015-4B5B-B4CD-C83AE06B9822}"
EndProject
Project("{2150E333-8FDC-42A3-9474-1A3956D46DE8}") = "tools", "tools", "{E11A07F5-DDF9-4BCA-94E4-988913EF7F51}"
	ProjectSection(SolutionItems) = preProject
		tools\stylecop.json = tools\stylecop.json
		tools\StyleCopAnalyzers.ruleset = tools\StyleCopAnalyzers.ruleset
	EndProjectSection
EndProject
Project("{9A19103F-16F7-4668-BE54-9A1E7A4F7556}") = "Nncase.Core", "src\Nncase.Core\Nncase.Core.csproj", "{2978CFB1-1530-4EC3-BB5F-130B6F606F85}"
	ProjectSection(ProjectDependencies) = postProject
		{24DF3895-9473-4C98-A494-8275456D02CC} = {24DF3895-9473-4C98-A494-8275456D02CC}
	EndProjectSection
EndProject
Project("{9A19103F-16F7-4668-BE54-9A1E7A4F7556}") = "Nncase.Importer", "src\Nncase.Importer\Nncase.Importer.csproj", "{37410602-6F3A-46F4-8CFD-9B8742BB98F4}"
EndProject
Project("{2150E333-8FDC-42A3-9474-1A3956D46DE8}") = "third_party", "third_party", "{FEAF8697-E12C-4A11-AAA2-D29043CDDF78}"
EndProject
Project("{2150E333-8FDC-42A3-9474-1A3956D46DE8}") = "tflite", "tflite", "{9CCCCB15-D076-4413-9961-418453BAC7D3}"
EndProject
Project("{9A19103F-16F7-4668-BE54-9A1E7A4F7556}") = "TFLite.Schema", "third_party\tflite\TFLite.Schema.csproj", "{3FC5D2DD-32D4-4DCB-841E-855F8452CDB1}"
EndProject
Project("{2150E333-8FDC-42A3-9474-1A3956D46DE8}") = "tests", "tests", "{E5A4516C-4080-4346-991D-57A7AA76ADA6}"
EndProject
Project("{9A19103F-16F7-4668-BE54-9A1E7A4F7556}") = "Nncase.Tests", "src\Nncase.Tests\Nncase.Tests.csproj", "{91EF1A8E-A34E-489F-A69C-73FFCBF31804}"
EndProject
Project("{9A19103F-16F7-4668-BE54-9A1E7A4F7556}") = "Nncase.Evaluator", "src\Nncase.Evaluator\Nncase.Evaluator.csproj", "{918A1D28-E49F-4269-BD14-D5E1D5937641}"
EndProject
Project("{9A19103F-16F7-4668-BE54-9A1E7A4F7556}") = "Nncase.Graph", "src\Nncase.Graph\Nncase.Graph.csproj", "{5600CF6C-72FC-424B-9788-EB87DE1715E0}"
EndProject
Project("{2150E333-8FDC-42A3-9474-1A3956D46DE8}") = "onnx", "onnx", "{93F45C01-DAFF-4EC4-9BD4-2542FF937D9E}"
EndProject
Project("{9A19103F-16F7-4668-BE54-9A1E7A4F7556}") = "Onnx.Protobuf", "third_party\onnx\Onnx.Protobuf.csproj", "{0214547A-FA3D-455A-8B22-8673CA1E4496}"
EndProject
Project("{9A19103F-16F7-4668-BE54-9A1E7A4F7556}") = "Nncase.CodeGen", "src\Nncase.CodeGen\Nncase.CodeGen.csproj", "{0B580057-DCBD-4ED6-B932-0F54C59D89A6}"
EndProject
Project("{9A19103F-16F7-4668-BE54-9A1E7A4F7556}") = "Nncase.IO", "src\Nncase.IO\Nncase.IO.csproj", "{9AC2177F-177C-4FA4-B111-059D4C70F0FC}"
EndProject
Project("{9A19103F-16F7-4668-BE54-9A1E7A4F7556}") = "Nncase.Schedule", "src\Nncase.Schedule\Nncase.Schedule.csproj", "{8E0E0672-0F96-4EF1-BDCD-D31F96A3DF73}"
EndProject
Project("{2150E333-8FDC-42A3-9474-1A3956D46DE8}") = "targets", "targets", "{A2590531-71C5-4326-88DD-6A9DB2EF0A2B}"
EndProject
Project("{9A19103F-16F7-4668-BE54-9A1E7A4F7556}") = "Nncase.Targets", "src\Nncase.Targets\Nncase.Targets.csproj", "{56283378-06E3-4C6E-A8BF-7BD85C92D42C}"
EndProject
Project("{9A19103F-16F7-4668-BE54-9A1E7A4F7556}") = "Nncase.Simulator", "src\Nncase.Simulator\Nncase.Simulator.csproj", "{901AC17C-7B53-4B10-A2AC-EA7AEA6DC614}"
EndProject
Project("{9A19103F-16F7-4668-BE54-9A1E7A4F7556}") = "Nncase.EGraph", "src\Nncase.EGraph\Nncase.EGraph.csproj", "{ED7F9E49-E5F1-4A0F-9AB1-D2247D3AC596}"
EndProject
Project("{9A19103F-16F7-4668-BE54-9A1E7A4F7556}") = "Nncase.Compiler", "src\Nncase.Compiler\Nncase.Compiler.csproj", "{54B4C0B9-8BF0-4157-AB04-A55BA268444C}"
EndProject
Project("{9A19103F-16F7-4668-BE54-9A1E7A4F7556}") = "Nncase.SourceGenerator", "tools\Nncase.SourceGenerator\Nncase.SourceGenerator.csproj", "{24DF3895-9473-4C98-A494-8275456D02CC}"
EndProject
Project("{2150E333-8FDC-42A3-9474-1A3956D46DE8}") = "stackvm_gen", "stackvm_gen", "{A79769F9-D567-4236-8965-08CFB440783B}"
EndProject
Project("{9A19103F-16F7-4668-BE54-9A1E7A4F7556}") = "IsaGen", "tools\stackvm_gen\IsaGen\IsaGen.csproj", "{920E3584-7987-44ED-8794-F6929E812038}"
EndProject
Project("{2150E333-8FDC-42A3-9474-1A3956D46DE8}") = "modules", "modules", "{9859F5E8-5504-4AFE-B955-9497A0A0CD66}"
EndProject
Project("{9A19103F-16F7-4668-BE54-9A1E7A4F7556}") = "Nncase.Modules.StackVM", "modules\Nncase.Modules.StackVM\Nncase.Modules.StackVM.csproj", "{70D3FA34-B0B6-488F-812D-7E076CC0DFB3}"
EndProject
Project("{9A19103F-16F7-4668-BE54-9A1E7A4F7556}") = "Nncase.Quantization", "src\Nncase.Quantization\Nncase.Quantization.csproj", "{317C0D8F-75B3-4248-83E8-17AADDCF247A}"
EndProject
Project("{2150E333-8FDC-42A3-9474-1A3956D46DE8}") = "root", "root", "{EF1F8779-2B98-4E6F-A3DC-CA3FD2CADAD8}"
	ProjectSection(SolutionItems) = preProject
		.editorconfig = .editorconfig
		Directory.Packages.props = Directory.Packages.props
		NuGet.Config = NuGet.Config
	EndProjectSection
EndProject
Project("{FAE04EC0-301F-11D3-BF4B-00C04F79EFBC}") = "Nncase.TestFixture", "src\Nncase.TestFixture\Nncase.TestFixture.csproj", "{FF67E6C1-205B-49D6-BA83-2DC536F0D414}"
EndProject
Project("{2150E333-8FDC-42A3-9474-1A3956D46DE8}") = "Nncase.Studio", "Nncase.Studio", "{312313E7-99DB-451E-BF47-B198E0CE7B72}"
EndProject
Project("{9A19103F-16F7-4668-BE54-9A1E7A4F7556}") = "Nncase.Studio", "src\Nncase.Studio\Nncase.Studio\Nncase.Studio.csproj", "{9E236C55-34B6-4302-88A0-5DB01EB674CB}"
EndProject
Project("{9A19103F-16F7-4668-BE54-9A1E7A4F7556}") = "Nncase.Studio.Maui", "src\Nncase.Studio\Nncase.Studio.Maui\Nncase.Studio.Maui.csproj", "{E785784C-8D54-488C-BC6A-43C41422CFEC}"
EndProject
Project("{9A19103F-16F7-4668-BE54-9A1E7A4F7556}") = "Nncase.Studio.Web", "src\Nncase.Studio\Nncase.Studio.Web\Nncase.Studio.Web.csproj", "{B1A740B0-C5AB-4D7E-A595-4CFFA657BF86}"
EndProject
Project("{9A19103F-16F7-4668-BE54-9A1E7A4F7556}") = "Nncase.Tests.TestFixture", "src\Nncase.Tests.TestFixture\Nncase.Tests.TestFixture.csproj", "{98A03405-CA53-4EC4-9B18-94D1C8DF9453}"
EndProject
Project("{9A19103F-16F7-4668-BE54-9A1E7A4F7556}") = "Nncase.Passes", "src\Nncase.Passes\Nncase.Passes.csproj", "{E6462E82-B48F-4AFA-AE34-725EF0A9CB42}"
EndProject
Global
	GlobalSection(SolutionConfigurationPlatforms) = preSolution
		Debug|Any CPU = Debug|Any CPU
		Release|Any CPU = Release|Any CPU
	EndGlobalSection
	GlobalSection(ProjectConfigurationPlatforms) = postSolution
		{660FD7A4-00E7-42EA-A119-64FB0125A7D7}.Debug|Any CPU.ActiveCfg = Debug|Any CPU
		{660FD7A4-00E7-42EA-A119-64FB0125A7D7}.Debug|Any CPU.Build.0 = Debug|Any CPU
		{660FD7A4-00E7-42EA-A119-64FB0125A7D7}.Release|Any CPU.ActiveCfg = Release|Any CPU
		{660FD7A4-00E7-42EA-A119-64FB0125A7D7}.Release|Any CPU.Build.0 = Release|Any CPU
		{2978CFB1-1530-4EC3-BB5F-130B6F606F85}.Debug|Any CPU.ActiveCfg = Debug|Any CPU
		{2978CFB1-1530-4EC3-BB5F-130B6F606F85}.Debug|Any CPU.Build.0 = Debug|Any CPU
		{2978CFB1-1530-4EC3-BB5F-130B6F606F85}.Release|Any CPU.ActiveCfg = Release|Any CPU
		{2978CFB1-1530-4EC3-BB5F-130B6F606F85}.Release|Any CPU.Build.0 = Release|Any CPU
		{37410602-6F3A-46F4-8CFD-9B8742BB98F4}.Debug|Any CPU.ActiveCfg = Debug|Any CPU
		{37410602-6F3A-46F4-8CFD-9B8742BB98F4}.Debug|Any CPU.Build.0 = Debug|Any CPU
		{37410602-6F3A-46F4-8CFD-9B8742BB98F4}.Release|Any CPU.ActiveCfg = Release|Any CPU
		{37410602-6F3A-46F4-8CFD-9B8742BB98F4}.Release|Any CPU.Build.0 = Release|Any CPU
		{3FC5D2DD-32D4-4DCB-841E-855F8452CDB1}.Debug|Any CPU.ActiveCfg = Debug|Any CPU
		{3FC5D2DD-32D4-4DCB-841E-855F8452CDB1}.Debug|Any CPU.Build.0 = Debug|Any CPU
		{3FC5D2DD-32D4-4DCB-841E-855F8452CDB1}.Release|Any CPU.ActiveCfg = Release|Any CPU
		{3FC5D2DD-32D4-4DCB-841E-855F8452CDB1}.Release|Any CPU.Build.0 = Release|Any CPU
		{91EF1A8E-A34E-489F-A69C-73FFCBF31804}.Debug|Any CPU.ActiveCfg = Debug|Any CPU
		{91EF1A8E-A34E-489F-A69C-73FFCBF31804}.Debug|Any CPU.Build.0 = Debug|Any CPU
		{91EF1A8E-A34E-489F-A69C-73FFCBF31804}.Release|Any CPU.ActiveCfg = Release|Any CPU
		{91EF1A8E-A34E-489F-A69C-73FFCBF31804}.Release|Any CPU.Build.0 = Release|Any CPU
		{918A1D28-E49F-4269-BD14-D5E1D5937641}.Debug|Any CPU.ActiveCfg = Debug|Any CPU
		{918A1D28-E49F-4269-BD14-D5E1D5937641}.Debug|Any CPU.Build.0 = Debug|Any CPU
		{918A1D28-E49F-4269-BD14-D5E1D5937641}.Release|Any CPU.ActiveCfg = Release|Any CPU
		{918A1D28-E49F-4269-BD14-D5E1D5937641}.Release|Any CPU.Build.0 = Release|Any CPU
		{5600CF6C-72FC-424B-9788-EB87DE1715E0}.Debug|Any CPU.ActiveCfg = Debug|Any CPU
		{5600CF6C-72FC-424B-9788-EB87DE1715E0}.Debug|Any CPU.Build.0 = Debug|Any CPU
		{5600CF6C-72FC-424B-9788-EB87DE1715E0}.Release|Any CPU.ActiveCfg = Release|Any CPU
		{5600CF6C-72FC-424B-9788-EB87DE1715E0}.Release|Any CPU.Build.0 = Release|Any CPU
		{0214547A-FA3D-455A-8B22-8673CA1E4496}.Debug|Any CPU.ActiveCfg = Debug|Any CPU
		{0214547A-FA3D-455A-8B22-8673CA1E4496}.Debug|Any CPU.Build.0 = Debug|Any CPU
		{0214547A-FA3D-455A-8B22-8673CA1E4496}.Release|Any CPU.ActiveCfg = Release|Any CPU
		{0214547A-FA3D-455A-8B22-8673CA1E4496}.Release|Any CPU.Build.0 = Release|Any CPU
		{0B580057-DCBD-4ED6-B932-0F54C59D89A6}.Debug|Any CPU.ActiveCfg = Debug|Any CPU
		{0B580057-DCBD-4ED6-B932-0F54C59D89A6}.Debug|Any CPU.Build.0 = Debug|Any CPU
		{0B580057-DCBD-4ED6-B932-0F54C59D89A6}.Release|Any CPU.ActiveCfg = Release|Any CPU
		{0B580057-DCBD-4ED6-B932-0F54C59D89A6}.Release|Any CPU.Build.0 = Release|Any CPU
		{9AC2177F-177C-4FA4-B111-059D4C70F0FC}.Debug|Any CPU.ActiveCfg = Debug|Any CPU
		{9AC2177F-177C-4FA4-B111-059D4C70F0FC}.Debug|Any CPU.Build.0 = Debug|Any CPU
		{9AC2177F-177C-4FA4-B111-059D4C70F0FC}.Release|Any CPU.ActiveCfg = Release|Any CPU
		{9AC2177F-177C-4FA4-B111-059D4C70F0FC}.Release|Any CPU.Build.0 = Release|Any CPU
		{8E0E0672-0F96-4EF1-BDCD-D31F96A3DF73}.Debug|Any CPU.ActiveCfg = Debug|Any CPU
		{8E0E0672-0F96-4EF1-BDCD-D31F96A3DF73}.Debug|Any CPU.Build.0 = Debug|Any CPU
		{8E0E0672-0F96-4EF1-BDCD-D31F96A3DF73}.Release|Any CPU.ActiveCfg = Release|Any CPU
		{8E0E0672-0F96-4EF1-BDCD-D31F96A3DF73}.Release|Any CPU.Build.0 = Release|Any CPU
		{56283378-06E3-4C6E-A8BF-7BD85C92D42C}.Debug|Any CPU.ActiveCfg = Debug|Any CPU
		{56283378-06E3-4C6E-A8BF-7BD85C92D42C}.Debug|Any CPU.Build.0 = Debug|Any CPU
		{56283378-06E3-4C6E-A8BF-7BD85C92D42C}.Release|Any CPU.ActiveCfg = Release|Any CPU
		{56283378-06E3-4C6E-A8BF-7BD85C92D42C}.Release|Any CPU.Build.0 = Release|Any CPU
		{901AC17C-7B53-4B10-A2AC-EA7AEA6DC614}.Debug|Any CPU.ActiveCfg = Debug|Any CPU
		{901AC17C-7B53-4B10-A2AC-EA7AEA6DC614}.Debug|Any CPU.Build.0 = Debug|Any CPU
		{901AC17C-7B53-4B10-A2AC-EA7AEA6DC614}.Release|Any CPU.ActiveCfg = Release|Any CPU
		{901AC17C-7B53-4B10-A2AC-EA7AEA6DC614}.Release|Any CPU.Build.0 = Release|Any CPU
		{ED7F9E49-E5F1-4A0F-9AB1-D2247D3AC596}.Debug|Any CPU.ActiveCfg = Debug|Any CPU
		{ED7F9E49-E5F1-4A0F-9AB1-D2247D3AC596}.Debug|Any CPU.Build.0 = Debug|Any CPU
		{ED7F9E49-E5F1-4A0F-9AB1-D2247D3AC596}.Release|Any CPU.ActiveCfg = Release|Any CPU
		{ED7F9E49-E5F1-4A0F-9AB1-D2247D3AC596}.Release|Any CPU.Build.0 = Release|Any CPU
		{54B4C0B9-8BF0-4157-AB04-A55BA268444C}.Debug|Any CPU.ActiveCfg = Debug|Any CPU
		{54B4C0B9-8BF0-4157-AB04-A55BA268444C}.Debug|Any CPU.Build.0 = Debug|Any CPU
		{54B4C0B9-8BF0-4157-AB04-A55BA268444C}.Release|Any CPU.ActiveCfg = Release|Any CPU
		{54B4C0B9-8BF0-4157-AB04-A55BA268444C}.Release|Any CPU.Build.0 = Release|Any CPU
		{24DF3895-9473-4C98-A494-8275456D02CC}.Debug|Any CPU.ActiveCfg = Debug|Any CPU
		{24DF3895-9473-4C98-A494-8275456D02CC}.Debug|Any CPU.Build.0 = Debug|Any CPU
		{24DF3895-9473-4C98-A494-8275456D02CC}.Release|Any CPU.ActiveCfg = Release|Any CPU
		{24DF3895-9473-4C98-A494-8275456D02CC}.Release|Any CPU.Build.0 = Release|Any CPU
		{920E3584-7987-44ED-8794-F6929E812038}.Debug|Any CPU.ActiveCfg = Debug|Any CPU
		{920E3584-7987-44ED-8794-F6929E812038}.Debug|Any CPU.Build.0 = Debug|Any CPU
		{920E3584-7987-44ED-8794-F6929E812038}.Release|Any CPU.ActiveCfg = Release|Any CPU
		{920E3584-7987-44ED-8794-F6929E812038}.Release|Any CPU.Build.0 = Release|Any CPU
		{70D3FA34-B0B6-488F-812D-7E076CC0DFB3}.Debug|Any CPU.ActiveCfg = Debug|Any CPU
		{70D3FA34-B0B6-488F-812D-7E076CC0DFB3}.Debug|Any CPU.Build.0 = Debug|Any CPU
		{70D3FA34-B0B6-488F-812D-7E076CC0DFB3}.Release|Any CPU.ActiveCfg = Release|Any CPU
		{70D3FA34-B0B6-488F-812D-7E076CC0DFB3}.Release|Any CPU.Build.0 = Release|Any CPU
		{317C0D8F-75B3-4248-83E8-17AADDCF247A}.Debug|Any CPU.ActiveCfg = Debug|Any CPU
		{317C0D8F-75B3-4248-83E8-17AADDCF247A}.Debug|Any CPU.Build.0 = Debug|Any CPU
		{317C0D8F-75B3-4248-83E8-17AADDCF247A}.Release|Any CPU.ActiveCfg = Release|Any CPU
		{317C0D8F-75B3-4248-83E8-17AADDCF247A}.Release|Any CPU.Build.0 = Release|Any CPU
		{E365B1B1-4D13-4839-9763-A7A7C5F32FD4}.Debug|Any CPU.ActiveCfg = Debug|Any CPU
		{E365B1B1-4D13-4839-9763-A7A7C5F32FD4}.Debug|Any CPU.Build.0 = Debug|Any CPU
		{E365B1B1-4D13-4839-9763-A7A7C5F32FD4}.Release|Any CPU.ActiveCfg = Release|Any CPU
		{E365B1B1-4D13-4839-9763-A7A7C5F32FD4}.Release|Any CPU.Build.0 = Release|Any CPU
		{98A03405-CA53-4EC4-9B18-94D1C8DF9453}.Debug|Any CPU.ActiveCfg = Debug|Any CPU
		{98A03405-CA53-4EC4-9B18-94D1C8DF9453}.Debug|Any CPU.Build.0 = Debug|Any CPU
		{98A03405-CA53-4EC4-9B18-94D1C8DF9453}.Release|Any CPU.ActiveCfg = Release|Any CPU
		{98A03405-CA53-4EC4-9B18-94D1C8DF9453}.Release|Any CPU.Build.0 = Release|Any CPU
		{E6462E82-B48F-4AFA-AE34-725EF0A9CB42}.Debug|Any CPU.ActiveCfg = Debug|Any CPU
		{E6462E82-B48F-4AFA-AE34-725EF0A9CB42}.Debug|Any CPU.Build.0 = Debug|Any CPU
		{E6462E82-B48F-4AFA-AE34-725EF0A9CB42}.Release|Any CPU.ActiveCfg = Release|Any CPU
		{E6462E82-B48F-4AFA-AE34-725EF0A9CB42}.Release|Any CPU.Build.0 = Release|Any CPU
	EndGlobalSection
	GlobalSection(SolutionProperties) = preSolution
		HideSolutionNode = FALSE
	EndGlobalSection
	GlobalSection(NestedProjects) = preSolution
		{660FD7A4-00E7-42EA-A119-64FB0125A7D7} = {BCA74168-F015-4B5B-B4CD-C83AE06B9822}
		{2978CFB1-1530-4EC3-BB5F-130B6F606F85} = {BCA74168-F015-4B5B-B4CD-C83AE06B9822}
		{37410602-6F3A-46F4-8CFD-9B8742BB98F4} = {BCA74168-F015-4B5B-B4CD-C83AE06B9822}
		{9CCCCB15-D076-4413-9961-418453BAC7D3} = {FEAF8697-E12C-4A11-AAA2-D29043CDDF78}
		{3FC5D2DD-32D4-4DCB-841E-855F8452CDB1} = {9CCCCB15-D076-4413-9961-418453BAC7D3}
		{91EF1A8E-A34E-489F-A69C-73FFCBF31804} = {E5A4516C-4080-4346-991D-57A7AA76ADA6}
		{918A1D28-E49F-4269-BD14-D5E1D5937641} = {BCA74168-F015-4B5B-B4CD-C83AE06B9822}
		{5600CF6C-72FC-424B-9788-EB87DE1715E0} = {BCA74168-F015-4B5B-B4CD-C83AE06B9822}
		{93F45C01-DAFF-4EC4-9BD4-2542FF937D9E} = {FEAF8697-E12C-4A11-AAA2-D29043CDDF78}
		{0214547A-FA3D-455A-8B22-8673CA1E4496} = {93F45C01-DAFF-4EC4-9BD4-2542FF937D9E}
		{0B580057-DCBD-4ED6-B932-0F54C59D89A6} = {BCA74168-F015-4B5B-B4CD-C83AE06B9822}
		{9AC2177F-177C-4FA4-B111-059D4C70F0FC} = {BCA74168-F015-4B5B-B4CD-C83AE06B9822}
		{8E0E0672-0F96-4EF1-BDCD-D31F96A3DF73} = {BCA74168-F015-4B5B-B4CD-C83AE06B9822}
		{56283378-06E3-4C6E-A8BF-7BD85C92D42C} = {BCA74168-F015-4B5B-B4CD-C83AE06B9822}
		{901AC17C-7B53-4B10-A2AC-EA7AEA6DC614} = {BCA74168-F015-4B5B-B4CD-C83AE06B9822}
		{ED7F9E49-E5F1-4A0F-9AB1-D2247D3AC596} = {BCA74168-F015-4B5B-B4CD-C83AE06B9822}
		{54B4C0B9-8BF0-4157-AB04-A55BA268444C} = {BCA74168-F015-4B5B-B4CD-C83AE06B9822}
		{24DF3895-9473-4C98-A494-8275456D02CC} = {E11A07F5-DDF9-4BCA-94E4-988913EF7F51}
		{A79769F9-D567-4236-8965-08CFB440783B} = {E11A07F5-DDF9-4BCA-94E4-988913EF7F51}
		{920E3584-7987-44ED-8794-F6929E812038} = {A79769F9-D567-4236-8965-08CFB440783B}
		{70D3FA34-B0B6-488F-812D-7E076CC0DFB3} = {9859F5E8-5504-4AFE-B955-9497A0A0CD66}
		{317C0D8F-75B3-4248-83E8-17AADDCF247A} = {BCA74168-F015-4B5B-B4CD-C83AE06B9822}
		{E365B1B1-4D13-4839-9763-A7A7C5F32FD4} = {BCA74168-F015-4B5B-B4CD-C83AE06B9822}
		{98A03405-CA53-4EC4-9B18-94D1C8DF9453} = {E5A4516C-4080-4346-991D-57A7AA76ADA6}
		{E6462E82-B48F-4AFA-AE34-725EF0A9CB42} = {BCA74168-F015-4B5B-B4CD-C83AE06B9822}
	EndGlobalSection
	GlobalSection(ExtensibilityGlobals) = postSolution
		SolutionGuid = {9492E141-292E-4D60-9C6E-3738AB234DB2}
	EndGlobalSection
EndGlobal
