{
  "version": 2,
  "dependencies": {
    "net7.0": {
      "StyleCop.Analyzers": {
        "type": "Direct",
        "requested": "[1.2.0-beta.435, )",
        "resolved": "1.2.0-beta.435",
        "contentHash": "TADk7vdGXtfTnYCV7GyleaaRTQjfoSfZXprQrVMm7cSJtJbFc1QIbWPyLvrgrfGdfHbGmUPvaN4ODKNxg2jgPQ==",
        "dependencies": {
          "StyleCop.Analyzers.Unstable": "1.2.0.435"
        }
      },
      "libortki": {
        "type": "Transitive",
        "resolved": "0.0.2",
        "contentHash": "svfuG5mxGY/QC/5DVheHOCELmdSP90RtxQ73j23KarPXZ9ZXW+7v1l5J77hGDyQbEh1BGrnGgKBlyn76RauGHg==",
        "dependencies": {
          "libortki-linux": "0.0.2",
          "libortki-osx": "0.0.2",
          "libortki-osx-arm64": "0.0.2",
          "libortki-win": "0.0.2"
        }
      },
      "libortki-linux": {
        "type": "Transitive",
        "resolved": "0.0.2",
        "contentHash": "b04LWD4lgGy60tys3hPFhnUpgWDM6dN5r1PI7GOcPj8VupXCaI70LKNQ5/5twbDE6rkowOGanVTw0S2wBGBqBQ=="
      },
      "libortki-osx": {
        "type": "Transitive",
        "resolved": "0.0.2",
        "contentHash": "O6Q9GLULkDkZEPAZJVKLPH0ROXGVOE7BxuddgOcHNK2oiTEM7wIRnzp2OIlYgLpaOLyxJMisbGOhtWgdzt2Wng=="
      },
      "libortki-osx-arm64": {
        "type": "Transitive",
        "resolved": "0.0.2",
        "contentHash": "4Qn2dirJmRicnUG945oWpq7HVGwgqCKKxYPMISv/MRvmpZBbXrZ1cVvRaF8WwTu4XXgfKTa1sLv+i8zLifUMeQ=="
      },
      "libortki-win": {
        "type": "Transitive",
        "resolved": "0.0.2",
        "contentHash": "HAoROgAKn8XBun11X43HZuspKlo5JGy8/OYw5IUPo7FVh5TCaPrLjGmyGYYZ2dqLlv31yv/b6s254PIRGn95cA=="
      },
      "Microsoft.Extensions.Configuration.Abstractions": {
        "type": "Transitive",
        "resolved": "6.0.0",
        "contentHash": "qWzV9o+ZRWq+pGm+1dF+R7qTgTYoXvbyowRoBxQJGfqTpqDun2eteerjRQhq5PQ/14S+lqto3Ft4gYaRyl4rdQ==",
        "dependencies": {
          "Microsoft.Extensions.Primitives": "6.0.0"
        }
      },
      "Microsoft.Extensions.DependencyInjection.Abstractions": {
        "type": "Transitive",
        "resolved": "6.0.0",
        "contentHash": "xlzi2IYREJH3/m6+lUrQlujzX8wDitm4QGnUu6kUXTQAWPuZY8i+ticFJbzfqaetLA6KR/rO6Ew/HuYD+bxifg=="
      },
      "Microsoft.Extensions.FileProviders.Abstractions": {
        "type": "Transitive",
        "resolved": "6.0.0",
        "contentHash": "0pd4/fho0gC12rQswaGQxbU34jOS1TPS8lZPpkFCH68ppQjHNHYle9iRuHeev1LhrJ94YPvzcRd8UmIuFk23Qw==",
        "dependencies": {
          "Microsoft.Extensions.Primitives": "6.0.0"
        }
      },
      "Microsoft.Extensions.Primitives": {
        "type": "Transitive",
        "resolved": "6.0.0",
        "contentHash": "9+PnzmQFfEFNR9J2aDTfJGGupShHjOuGw4VUv+JB044biSHrnmCIMD+mJHmb2H7YryrfBEXDurxQ47gJZdCKNQ==",
        "dependencies": {
          "System.Runtime.CompilerServices.Unsafe": "6.0.0"
        }
      },
      "NetFabric.Hyperlinq.Abstractions": {
        "type": "Transitive",
        "resolved": "1.3.0",
        "contentHash": "WXnEcGwmXfa8gW9N2MlcaPNUzM3NLMwnAhacbtH554F8YcoXbIkTB+uGa1Aa+9gyb/9JZgYVHnmADgJUKP52nA=="
      },
      "StyleCop.Analyzers.Unstable": {
        "type": "Transitive",
        "resolved": "1.2.0.435",
        "contentHash": "ouwPWZxbOV3SmCZxIRqHvljkSzkCyi1tDoMzQtDb/bRP8ctASV/iRJr+A2Gdj0QLaLmWnqTWDrH82/iP+X80Lg=="
      },
      "System.Buffers": {
        "type": "Transitive",
        "resolved": "4.5.1",
        "contentHash": "Rw7ijyl1qqRS0YQD/WycNst8hUUMgrMH4FCn1nNm27M4VxchZ1js3fVjQaANHO5f3sN4isvP4a+Met9Y4YomAg=="
      },
      "System.Runtime.CompilerServices.Unsafe": {
        "type": "Transitive",
        "resolved": "6.0.0",
        "contentHash": "/iUeP3tq1S0XdNNoMz5C9twLSrM/TH+qElHkXWaPvuNOt+99G75NrV0OS2EqHx5wMN7popYjpc8oTjC1y16DLg=="
      },
      "nncase.core": {
        "type": "Project",
        "dependencies": {
          "DryIoc.dll": "[5.3.1, )",
          "GiGraph.Dot": "[2.0.0, )",
          "Microsoft.Extensions.Hosting.Abstractions": "[6.0.0, )",
          "Microsoft.Extensions.Logging.Abstractions": "[6.0.0, )",
          "Microsoft.Extensions.Options": "[6.0.0, )",
          "Microsoft.Toolkit.HighPerformance": "[7.1.1, )",
          "NetFabric.Hyperlinq": "[3.0.0-beta48, )",
          "System.Reactive": "[5.0.0, )"
        }
      },
      "nncase.evaluator": {
        "type": "Project",
        "dependencies": {
          "Nncase.Core": "[1.0.0, )",
          "OrtKISharp": "[0.0.2, )"
        }
      },
      "DryIoc.dll": {
        "type": "CentralTransitive",
        "requested": "[5.3.1, )",
        "resolved": "5.3.1",
        "contentHash": "E3zclUh2CIBks1t2uBD1k18pyGFJ1YSKCrbCDbB7qCdl2RAB+k68AyDpjeplhF1ot2XPV82AgyCWBXMf0ggL1g=="
      },
      "GiGraph.Dot": {
        "type": "CentralTransitive",
        "requested": "[2.0.0, )",
        "resolved": "2.0.0",
        "contentHash": "ThvS2mQVveSkTMUm04tMbRYzu1XFPV8xBHISrUMp02APjhv9IRbLu3v3upTPCywORx2Ds/c6AqEUL1WU6kPfuQ=="
      },
      "Microsoft.Extensions.Hosting.Abstractions": {
        "type": "CentralTransitive",
        "requested": "[6.0.0, )",
        "resolved": "6.0.0",
        "contentHash": "GcT5l2CYXL6Sa27KCSh0TixsRfADUgth+ojQSD5EkzisZxmGFh7CwzkcYuGwvmXLjr27uWRNrJ2vuuEjMhU05Q==",
        "dependencies": {
          "Microsoft.Extensions.Configuration.Abstractions": "6.0.0",
          "Microsoft.Extensions.DependencyInjection.Abstractions": "6.0.0",
          "Microsoft.Extensions.FileProviders.Abstractions": "6.0.0"
        }
      },
      "Microsoft.Extensions.Logging.Abstractions": {
        "type": "CentralTransitive",
        "requested": "[6.0.0, )",
        "resolved": "6.0.0",
        "contentHash": "/HggWBbTwy8TgebGSX5DBZ24ndhzi93sHUBDvP1IxbZD7FDokYzdAr6+vbWGjw2XAfR2EJ1sfKUotpjHnFWPxA=="
      },
      "Microsoft.Extensions.Options": {
        "type": "CentralTransitive",
        "requested": "[6.0.0, )",
        "resolved": "6.0.0",
        "contentHash": "dzXN0+V1AyjOe2xcJ86Qbo233KHuLEY0njf/P2Kw8SfJU+d45HNS2ctJdnEnrWbM9Ye2eFgaC5Mj9otRMU6IsQ==",
        "dependencies": {
          "Microsoft.Extensions.DependencyInjection.Abstractions": "6.0.0",
          "Microsoft.Extensions.Primitives": "6.0.0"
        }
      },
      "Microsoft.Toolkit.HighPerformance": {
        "type": "CentralTransitive",
        "requested": "[7.1.1, )",
        "resolved": "7.1.1",
        "contentHash": "TRnvDpZPXO30hTOtjfLw6Y9BtTKtTpzk9lefeh4RMCaUihWrVKQR454nYH4/mMJAh+LXqfAPyk0kfkJs0Amopw=="
      },
      "NetFabric.Hyperlinq": {
        "type": "CentralTransitive",
        "requested": "[3.0.0-beta48, )",
        "resolved": "3.0.0-beta48",
        "contentHash": "oYUhXvxNS8bBJWqNkvx5g8y0P/0LtyqS2pN0w4OWjVDNWEpLbdbvPy9w/9z1n2PrqIjX3jxUsEnoCmxxGnI3gw==",
        "dependencies": {
          "NetFabric.Hyperlinq.Abstractions": "1.3.0",
          "System.Buffers": "4.5.1",
          "System.Runtime.CompilerServices.Unsafe": "5.0.0"
        }
      },
      "OrtKISharp": {
        "type": "CentralTransitive",
        "requested": "[0.0.2, )",
        "resolved": "0.0.2",
        "contentHash": "Gk8TyNN/iYaifC3t4xR3okJwPJldRkjzS4BFn3fWLK7+l2z1+XkI/z4Nz6MW6LJHS77XFLNhq0I+H9suEsvGIw==",
        "dependencies": {
          "libortki": "0.0.2"
        }
      },
      "System.Reactive": {
        "type": "CentralTransitive",
        "requested": "[5.0.0, )",
        "resolved": "5.0.0",
        "contentHash": "erBZjkQHWL9jpasCE/0qKAryzVBJFxGHVBAvgRN1bzM0q2s1S4oYREEEL0Vb+1kA/6BKb5FjUZMp5VXmy+gzkQ=="
      }
    }
  }
}