
Microsoft Visual Studio Solution File, Format Version 12.00
# Visual Studio Version 16
VisualStudioVersion = 16.0.30717.126
MinimumVisualStudioVersion = 10.0.40219.1
Project("{FAE04EC0-301F-11D3-BF4B-00C04F79EFBC}") = "IsaGen", "IsaGen.csproj", "{0FDDCC7A-5E73-4302-BA9A-BFCC87EA174A}"
EndProject
Global
	GlobalSection(SolutionConfigurationPlatforms) = preSolution
		Debug|Any CPU = Debug|Any CPU
		Release|Any CPU = Release|Any CPU
	EndGlobalSection
	GlobalSection(ProjectConfigurationPlatforms) = postSolution
		{0FDDCC7A-5E73-4302-BA9A-BFCC87EA174A}.Debug|Any CPU.ActiveCfg = Debug|Any CPU
		{0FDDCC7A-5E73-4302-BA9A-BFCC87EA174A}.Debug|Any CPU.Build.0 = Debug|Any CPU
		{0FDDCC7A-5E73-4302-BA9A-BFCC87EA174A}.Release|Any CPU.ActiveCfg = Release|Any CPU
		{0FDDCC7A-5E73-4302-BA9A-BFCC87EA174A}.Release|Any CPU.Build.0 = Release|Any CPU
	EndGlobalSection
	GlobalSection(SolutionProperties) = preSolution
		HideSolutionNode = FALSE
	EndGlobalSection
	GlobalSection(ExtensibilityGlobals) = postSolution
		SolutionGuid = {F35EAB17-1E97-42F4-BFBD-108E80186FD5}
	EndGlobalSection
EndGlobal
