{
  "version": 2,
  "dependencies": {
    "net7.0": {
      "Photino.NET": {
        "type": "Direct",
        "requested": "[2.3.0, )",
        "resolved": "2.3.0",
        "contentHash": "XL9a7Z62Nm+56Xqn/kJ8befDWj+mDrTjGA6tdSm1i0hv9WhIACuldV36ptCFOQWVhhszYyJ5CkRL2+xw+40bJA==",
        "dependencies": {
          "Photino.Native": "2.2.3"
        }
      },
      "StyleCop.Analyzers": {
        "type": "Direct",
        "requested": "[1.2.0-beta.435, )",
        "resolved": "1.2.0-beta.435",
        "contentHash": "TADk7vdGXtfTnYCV7GyleaaRTQjfoSfZXprQrVMm7cSJtJbFc1QIbWPyLvrgrfGdfHbGmUPvaN4ODKNxg2jgPQ==",
        "dependencies": {
          "StyleCop.Analyzers.Unstable": "1.2.0.435"
        }
      },
      "Photino.Native": {
        "type": "Transitive",
        "resolved": "2.2.3",
        "contentHash": "YKUoUCmuNwlH+Njb5rPDTKbTU9yNQszFyZuHyczd4a6AfJNvHs/FtCx/yg9DfrQtAeAVA01qx5heujy+SjsKsA=="
      },
      "StyleCop.Analyzers.Unstable": {
        "type": "Transitive",
        "resolved": "1.2.0.435",
        "contentHash": "ouwPWZxbOV3SmCZxIRqHvljkSzkCyi1tDoMzQtDb/bRP8ctASV/iRJr+A2Gdj0QLaLmWnqTWDrH82/iP+X80Lg=="
      }
    }
  }
}