
Microsoft Visual Studio Solution File, Format Version 12.00
# Visual Studio Version 16
VisualStudioVersion = 16.0.28407.52
MinimumVisualStudioVersion = 10.0.40219.1
Project("{8BC9CEB8-8B4A-11D0-8D11-00A0C91BC942}") = "nncase", "nncase\nncase.vcxproj", "{DE655ED2-C309-4C04-A775-42E05FCA9940}"
EndProject
Project("{9A19103F-16F7-4668-BE54-9A1E7A4F7556}") = "FlatBuffers", "FlatBuffers\FlatBuffers.csproj", "{AF2E7059-6A62-482B-9760-12F6BDAA7593}"
EndProject
Project("{9A19103F-16F7-4668-BE54-9A1E7A4F7556}") = "NnCase.Converter", "NnCase.Converter\NnCase.Converter.csproj", "{5829AB7E-607D-4EDF-A7B4-E3B562AA2467}"
EndProject
Project("{FAE04EC0-301F-11D3-BF4B-00C04F79EFBC}") = "NnCase.Designer.Modules..Shell", "NnCase.Designer.Shell\NnCase.Designer.Modules..Shell.csproj", "{64E0124A-5771-4B9C-9E24-EB5A8BC2BEE0}"
EndProject
Project("{FAE04EC0-301F-11D3-BF4B-00C04F79EFBC}") = "NnCase.Designer", "NnCase.Designer\NnCase.Designer.csproj", "{B722DD4E-E4EC-4AF7-A06A-87386821CE93}"
EndProject
Project("{FAE04EC0-301F-11D3-BF4B-00C04F79EFBC}") = "NnCase.Designer.Infrastructure", "NnCase.Designer.Infrastructure\NnCase.Designer.Infrastructure.csproj", "{BF4D1924-B6B4-4C7B-B54B-DF771DAEB8B6}"
EndProject
Project("{FAE04EC0-301F-11D3-BF4B-00C04F79EFBC}") = "NnCase.Designer.Modules.GraphEditor", "NnCase.Designer.Modules.GraphEditor\NnCase.Designer.Modules.GraphEditor.csproj", "{01078143-02A2-4FC2-B810-12C109A68522}"
EndProject
Project("{FAE04EC0-301F-11D3-BF4B-00C04F79EFBC}") = "NnCase.Designer.Modules.Inspector", "NnCase.Designer.Modules.Inspector\NnCase.Designer.Modules.Inspector.csproj", "{7CB4EF49-C2ED-46FD-8DC4-41A99D6F0644}"
EndProject
Project("{9A19103F-16F7-4668-BE54-9A1E7A4F7556}") = "NnCase.Cli", "NnCase.Cli\NnCase.Cli.csproj", "{EC621806-9798-4C76-94BF-F49F2CEE79B9}"
EndProject
Project("{FAE04EC0-301F-11D3-BF4B-00C04F79EFBC}") = "NnCase.Converter.K210", "NnCase.Converter.K210\NnCase.Converter.K210.csproj", "{A2137E73-0B7B-40B8-9521-9B4F1A6F3926}"
EndProject
Global
	GlobalSection(SolutionConfigurationPlatforms) = preSolution
		Debug|Any CPU = Debug|Any CPU
		Debug|x64 = Debug|x64
		Debug|x86 = Debug|x86
		Release|Any CPU = Release|Any CPU
		Release|x64 = Release|x64
		Release|x86 = Release|x86
	EndGlobalSection
	GlobalSection(ProjectConfigurationPlatforms) = postSolution
		{DE655ED2-C309-4C04-A775-42E05FCA9940}.Debug|Any CPU.ActiveCfg = Debug|Win32
		{DE655ED2-C309-4C04-A775-42E05FCA9940}.Debug|x64.ActiveCfg = Debug|x64
		{DE655ED2-C309-4C04-A775-42E05FCA9940}.Debug|x64.Build.0 = Debug|x64
		{DE655ED2-C309-4C04-A775-42E05FCA9940}.Debug|x86.ActiveCfg = Debug|Win32
		{DE655ED2-C309-4C04-A775-42E05FCA9940}.Debug|x86.Build.0 = Debug|Win32
		{DE655ED2-C309-4C04-A775-42E05FCA9940}.Release|Any CPU.ActiveCfg = Release|Win32
		{DE655ED2-C309-4C04-A775-42E05FCA9940}.Release|x64.ActiveCfg = Release|x64
		{DE655ED2-C309-4C04-A775-42E05FCA9940}.Release|x64.Build.0 = Release|x64
		{DE655ED2-C309-4C04-A775-42E05FCA9940}.Release|x86.ActiveCfg = Release|Win32
		{DE655ED2-C309-4C04-A775-42E05FCA9940}.Release|x86.Build.0 = Release|Win32
		{AF2E7059-6A62-482B-9760-12F6BDAA7593}.Debug|Any CPU.ActiveCfg = Debug|Any CPU
		{AF2E7059-6A62-482B-9760-12F6BDAA7593}.Debug|Any CPU.Build.0 = Debug|Any CPU
		{AF2E7059-6A62-482B-9760-12F6BDAA7593}.Debug|x64.ActiveCfg = Debug|Any CPU
		{AF2E7059-6A62-482B-9760-12F6BDAA7593}.Debug|x64.Build.0 = Debug|Any CPU
		{AF2E7059-6A62-482B-9760-12F6BDAA7593}.Debug|x86.ActiveCfg = Debug|Any CPU
		{AF2E7059-6A62-482B-9760-12F6BDAA7593}.Debug|x86.Build.0 = Debug|Any CPU
		{AF2E7059-6A62-482B-9760-12F6BDAA7593}.Release|Any CPU.ActiveCfg = Release|Any CPU
		{AF2E7059-6A62-482B-9760-12F6BDAA7593}.Release|Any CPU.Build.0 = Release|Any CPU
		{AF2E7059-6A62-482B-9760-12F6BDAA7593}.Release|x64.ActiveCfg = Release|Any CPU
		{AF2E7059-6A62-482B-9760-12F6BDAA7593}.Release|x64.Build.0 = Release|Any CPU
		{AF2E7059-6A62-482B-9760-12F6BDAA7593}.Release|x86.ActiveCfg = Release|Any CPU
		{AF2E7059-6A62-482B-9760-12F6BDAA7593}.Release|x86.Build.0 = Release|Any CPU
		{5829AB7E-607D-4EDF-A7B4-E3B562AA2467}.Debug|Any CPU.ActiveCfg = Debug|Any CPU
		{5829AB7E-607D-4EDF-A7B4-E3B562AA2467}.Debug|Any CPU.Build.0 = Debug|Any CPU
		{5829AB7E-607D-4EDF-A7B4-E3B562AA2467}.Debug|x64.ActiveCfg = Debug|Any CPU
		{5829AB7E-607D-4EDF-A7B4-E3B562AA2467}.Debug|x64.Build.0 = Debug|Any CPU
		{5829AB7E-607D-4EDF-A7B4-E3B562AA2467}.Debug|x86.ActiveCfg = Debug|Any CPU
		{5829AB7E-607D-4EDF-A7B4-E3B562AA2467}.Debug|x86.Build.0 = Debug|Any CPU
		{5829AB7E-607D-4EDF-A7B4-E3B562AA2467}.Release|Any CPU.ActiveCfg = Release|Any CPU
		{5829AB7E-607D-4EDF-A7B4-E3B562AA2467}.Release|Any CPU.Build.0 = Release|Any CPU
		{5829AB7E-607D-4EDF-A7B4-E3B562AA2467}.Release|x64.ActiveCfg = Release|Any CPU
		{5829AB7E-607D-4EDF-A7B4-E3B562AA2467}.Release|x64.Build.0 = Release|Any CPU
		{5829AB7E-607D-4EDF-A7B4-E3B562AA2467}.Release|x86.ActiveCfg = Release|Any CPU
		{5829AB7E-607D-4EDF-A7B4-E3B562AA2467}.Release|x86.Build.0 = Release|Any CPU
		{64E0124A-5771-4B9C-9E24-EB5A8BC2BEE0}.Debug|Any CPU.ActiveCfg = Debug|Any CPU
		{64E0124A-5771-4B9C-9E24-EB5A8BC2BEE0}.Debug|Any CPU.Build.0 = Debug|Any CPU
		{64E0124A-5771-4B9C-9E24-EB5A8BC2BEE0}.Debug|x64.ActiveCfg = Debug|Any CPU
		{64E0124A-5771-4B9C-9E24-EB5A8BC2BEE0}.Debug|x64.Build.0 = Debug|Any CPU
		{64E0124A-5771-4B9C-9E24-EB5A8BC2BEE0}.Debug|x86.ActiveCfg = Debug|Any CPU
		{64E0124A-5771-4B9C-9E24-EB5A8BC2BEE0}.Debug|x86.Build.0 = Debug|Any CPU
		{64E0124A-5771-4B9C-9E24-EB5A8BC2BEE0}.Release|Any CPU.ActiveCfg = Release|Any CPU
		{64E0124A-5771-4B9C-9E24-EB5A8BC2BEE0}.Release|Any CPU.Build.0 = Release|Any CPU
		{64E0124A-5771-4B9C-9E24-EB5A8BC2BEE0}.Release|x64.ActiveCfg = Release|Any CPU
		{64E0124A-5771-4B9C-9E24-EB5A8BC2BEE0}.Release|x64.Build.0 = Release|Any CPU
		{64E0124A-5771-4B9C-9E24-EB5A8BC2BEE0}.Release|x86.ActiveCfg = Release|Any CPU
		{64E0124A-5771-4B9C-9E24-EB5A8BC2BEE0}.Release|x86.Build.0 = Release|Any CPU
		{B722DD4E-E4EC-4AF7-A06A-87386821CE93}.Debug|Any CPU.ActiveCfg = Debug|Any CPU
		{B722DD4E-E4EC-4AF7-A06A-87386821CE93}.Debug|Any CPU.Build.0 = Debug|Any CPU
		{B722DD4E-E4EC-4AF7-A06A-87386821CE93}.Debug|x64.ActiveCfg = Debug|Any CPU
		{B722DD4E-E4EC-4AF7-A06A-87386821CE93}.Debug|x64.Build.0 = Debug|Any CPU
		{B722DD4E-E4EC-4AF7-A06A-87386821CE93}.Debug|x86.ActiveCfg = Debug|Any CPU
		{B722DD4E-E4EC-4AF7-A06A-87386821CE93}.Debug|x86.Build.0 = Debug|Any CPU
		{B722DD4E-E4EC-4AF7-A06A-87386821CE93}.Release|Any CPU.ActiveCfg = Release|Any CPU
		{B722DD4E-E4EC-4AF7-A06A-87386821CE93}.Release|Any CPU.Build.0 = Release|Any CPU
		{B722DD4E-E4EC-4AF7-A06A-87386821CE93}.Release|x64.ActiveCfg = Release|Any CPU
		{B722DD4E-E4EC-4AF7-A06A-87386821CE93}.Release|x64.Build.0 = Release|Any CPU
		{B722DD4E-E4EC-4AF7-A06A-87386821CE93}.Release|x86.ActiveCfg = Release|Any CPU
		{B722DD4E-E4EC-4AF7-A06A-87386821CE93}.Release|x86.Build.0 = Release|Any CPU
		{BF4D1924-B6B4-4C7B-B54B-DF771DAEB8B6}.Debug|Any CPU.ActiveCfg = Debug|Any CPU
		{BF4D1924-B6B4-4C7B-B54B-DF771DAEB8B6}.Debug|Any CPU.Build.0 = Debug|Any CPU
		{BF4D1924-B6B4-4C7B-B54B-DF771DAEB8B6}.Debug|x64.ActiveCfg = Debug|Any CPU
		{BF4D1924-B6B4-4C7B-B54B-DF771DAEB8B6}.Debug|x64.Build.0 = Debug|Any CPU
		{BF4D1924-B6B4-4C7B-B54B-DF771DAEB8B6}.Debug|x86.ActiveCfg = Debug|Any CPU
		{BF4D1924-B6B4-4C7B-B54B-DF771DAEB8B6}.Debug|x86.Build.0 = Debug|Any CPU
		{BF4D1924-B6B4-4C7B-B54B-DF771DAEB8B6}.Release|Any CPU.ActiveCfg = Release|Any CPU
		{BF4D1924-B6B4-4C7B-B54B-DF771DAEB8B6}.Release|Any CPU.Build.0 = Release|Any CPU
		{BF4D1924-B6B4-4C7B-B54B-DF771DAEB8B6}.Release|x64.ActiveCfg = Release|Any CPU
		{BF4D1924-B6B4-4C7B-B54B-DF771DAEB8B6}.Release|x64.Build.0 = Release|Any CPU
		{BF4D1924-B6B4-4C7B-B54B-DF771DAEB8B6}.Release|x86.ActiveCfg = Release|Any CPU
		{BF4D1924-B6B4-4C7B-B54B-DF771DAEB8B6}.Release|x86.Build.0 = Release|Any CPU
		{01078143-02A2-4FC2-B810-12C109A68522}.Debug|Any CPU.ActiveCfg = Debug|Any CPU
		{01078143-02A2-4FC2-B810-12C109A68522}.Debug|Any CPU.Build.0 = Debug|Any CPU
		{01078143-02A2-4FC2-B810-12C109A68522}.Debug|x64.ActiveCfg = Debug|Any CPU
		{01078143-02A2-4FC2-B810-12C109A68522}.Debug|x64.Build.0 = Debug|Any CPU
		{01078143-02A2-4FC2-B810-12C109A68522}.Debug|x86.ActiveCfg = Debug|Any CPU
		{01078143-02A2-4FC2-B810-12C109A68522}.Debug|x86.Build.0 = Debug|Any CPU
		{01078143-02A2-4FC2-B810-12C109A68522}.Release|Any CPU.ActiveCfg = Release|Any CPU
		{01078143-02A2-4FC2-B810-12C109A68522}.Release|Any CPU.Build.0 = Release|Any CPU
		{01078143-02A2-4FC2-B810-12C109A68522}.Release|x64.ActiveCfg = Release|Any CPU
		{01078143-02A2-4FC2-B810-12C109A68522}.Release|x64.Build.0 = Release|Any CPU
		{01078143-02A2-4FC2-B810-12C109A68522}.Release|x86.ActiveCfg = Release|Any CPU
		{01078143-02A2-4FC2-B810-12C109A68522}.Release|x86.Build.0 = Release|Any CPU
		{7CB4EF49-C2ED-46FD-8DC4-41A99D6F0644}.Debug|Any CPU.ActiveCfg = Debug|Any CPU
		{7CB4EF49-C2ED-46FD-8DC4-41A99D6F0644}.Debug|Any CPU.Build.0 = Debug|Any CPU
		{7CB4EF49-C2ED-46FD-8DC4-41A99D6F0644}.Debug|x64.ActiveCfg = Debug|Any CPU
		{7CB4EF49-C2ED-46FD-8DC4-41A99D6F0644}.Debug|x64.Build.0 = Debug|Any CPU
		{7CB4EF49-C2ED-46FD-8DC4-41A99D6F0644}.Debug|x86.ActiveCfg = Debug|Any CPU
		{7CB4EF49-C2ED-46FD-8DC4-41A99D6F0644}.Debug|x86.Build.0 = Debug|Any CPU
		{7CB4EF49-C2ED-46FD-8DC4-41A99D6F0644}.Release|Any CPU.ActiveCfg = Release|Any CPU
		{7CB4EF49-C2ED-46FD-8DC4-41A99D6F0644}.Release|Any CPU.Build.0 = Release|Any CPU
		{7CB4EF49-C2ED-46FD-8DC4-41A99D6F0644}.Release|x64.ActiveCfg = Release|Any CPU
		{7CB4EF49-C2ED-46FD-8DC4-41A99D6F0644}.Release|x64.Build.0 = Release|Any CPU
		{7CB4EF49-C2ED-46FD-8DC4-41A99D6F0644}.Release|x86.ActiveCfg = Release|Any CPU
		{7CB4EF49-C2ED-46FD-8DC4-41A99D6F0644}.Release|x86.Build.0 = Release|Any CPU
		{EC621806-9798-4C76-94BF-F49F2CEE79B9}.Debug|Any CPU.ActiveCfg = Debug|Any CPU
		{EC621806-9798-4C76-94BF-F49F2CEE79B9}.Debug|Any CPU.Build.0 = Debug|Any CPU
		{EC621806-9798-4C76-94BF-F49F2CEE79B9}.Debug|x64.ActiveCfg = Debug|Any CPU
		{EC621806-9798-4C76-94BF-F49F2CEE79B9}.Debug|x64.Build.0 = Debug|Any CPU
		{EC621806-9798-4C76-94BF-F49F2CEE79B9}.Debug|x86.ActiveCfg = Debug|Any CPU
		{EC621806-9798-4C76-94BF-F49F2CEE79B9}.Debug|x86.Build.0 = Debug|Any CPU
		{EC621806-9798-4C76-94BF-F49F2CEE79B9}.Release|Any CPU.ActiveCfg = Release|Any CPU
		{EC621806-9798-4C76-94BF-F49F2CEE79B9}.Release|Any CPU.Build.0 = Release|Any CPU
		{EC621806-9798-4C76-94BF-F49F2CEE79B9}.Release|x64.ActiveCfg = Release|Any CPU
		{EC621806-9798-4C76-94BF-F49F2CEE79B9}.Release|x64.Build.0 = Release|Any CPU
		{EC621806-9798-4C76-94BF-F49F2CEE79B9}.Release|x86.ActiveCfg = Release|Any CPU
		{EC621806-9798-4C76-94BF-F49F2CEE79B9}.Release|x86.Build.0 = Release|Any CPU
		{A2137E73-0B7B-40B8-9521-9B4F1A6F3926}.Debug|Any CPU.ActiveCfg = Debug|Any CPU
		{A2137E73-0B7B-40B8-9521-9B4F1A6F3926}.Debug|Any CPU.Build.0 = Debug|Any CPU
		{A2137E73-0B7B-40B8-9521-9B4F1A6F3926}.Debug|x64.ActiveCfg = Debug|Any CPU
		{A2137E73-0B7B-40B8-9521-9B4F1A6F3926}.Debug|x64.Build.0 = Debug|Any CPU
		{A2137E73-0B7B-40B8-9521-9B4F1A6F3926}.Debug|x86.ActiveCfg = Debug|Any CPU
		{A2137E73-0B7B-40B8-9521-9B4F1A6F3926}.Debug|x86.Build.0 = Debug|Any CPU
		{A2137E73-0B7B-40B8-9521-9B4F1A6F3926}.Release|Any CPU.ActiveCfg = Release|Any CPU
		{A2137E73-0B7B-40B8-9521-9B4F1A6F3926}.Release|Any CPU.Build.0 = Release|Any CPU
		{A2137E73-0B7B-40B8-9521-9B4F1A6F3926}.Release|x64.ActiveCfg = Release|Any CPU
		{A2137E73-0B7B-40B8-9521-9B4F1A6F3926}.Release|x64.Build.0 = Release|Any CPU
		{A2137E73-0B7B-40B8-9521-9B4F1A6F3926}.Release|x86.ActiveCfg = Release|Any CPU
		{A2137E73-0B7B-40B8-9521-9B4F1A6F3926}.Release|x86.Build.0 = Release|Any CPU
	EndGlobalSection
	GlobalSection(SolutionProperties) = preSolution
		HideSolutionNode = FALSE
	EndGlobalSection
	GlobalSection(ExtensibilityGlobals) = postSolution
		SolutionGuid = {83E64878-426F-4F62-BF42-3F638F764C58}
	EndGlobalSection
EndGlobal
