
Microsoft Visual Studio Solution File, Format Version 12.00
# Visual Studio Version 16
VisualStudioVersion = 16.0.28407.52
MinimumVisualStudioVersion = 10.0.40219.1
Project("{9A19103F-16F7-4668-BE54-9A1E7A4F7556}") = "FlatBuffers", "FlatBuffers\FlatBuffers.csproj", "{AF2E7059-6A62-482B-9760-12F6BDAA7593}"
EndProject
Project("{9A19103F-16F7-4668-BE54-9A1E7A4F7556}") = "NnCase.Cli", "NnCase.Cli\NnCase.Cli.csproj", "{EC621806-9798-4C76-94BF-F49F2CEE79B9}"
EndProject
Global
	GlobalSection(SolutionConfigurationPlatforms) = preSolution
		Debug|Any CPU = Debug|Any CPU
		Debug|x64 = Debug|x64
		Debug|x86 = Debug|x86
		Release|Any CPU = Release|Any CPU
		Release|x64 = Release|x64
		Release|x86 = Release|x86
	EndGlobalSection
	GlobalSection(ProjectConfigurationPlatforms) = postSolution
		{AF2E7059-6A62-482B-9760-12F6BDAA7593}.Debug|Any CPU.ActiveCfg = Debug|Any CPU
		{AF2E7059-6A62-482B-9760-12F6BDAA7593}.Debug|Any CPU.Build.0 = Debug|Any CPU
		{AF2E7059-6A62-482B-9760-12F6BDAA7593}.Debug|x64.ActiveCfg = Debug|Any CPU
		{AF2E7059-6A62-482B-9760-12F6BDAA7593}.Debug|x64.Build.0 = Debug|Any CPU
		{AF2E7059-6A62-482B-9760-12F6BDAA7593}.Debug|x86.ActiveCfg = Debug|Any CPU
		{AF2E7059-6A62-482B-9760-12F6BDAA7593}.Debug|x86.Build.0 = Debug|Any CPU
		{AF2E7059-6A62-482B-9760-12F6BDAA7593}.Release|Any CPU.ActiveCfg = Release|Any CPU
		{AF2E7059-6A62-482B-9760-12F6BDAA7593}.Release|Any CPU.Build.0 = Release|Any CPU
		{AF2E7059-6A62-482B-9760-12F6BDAA7593}.Release|x64.ActiveCfg = Release|Any CPU
		{AF2E7059-6A62-482B-9760-12F6BDAA7593}.Release|x64.Build.0 = Release|Any CPU
		{AF2E7059-6A62-482B-9760-12F6BDAA7593}.Release|x86.ActiveCfg = Release|Any CPU
		{AF2E7059-6A62-482B-9760-12F6BDAA7593}.Release|x86.Build.0 = Release|Any CPU
		{EC621806-9798-4C76-94BF-F49F2CEE79B9}.Debug|Any CPU.ActiveCfg = Debug|Any CPU
		{EC621806-9798-4C76-94BF-F49F2CEE79B9}.Debug|Any CPU.Build.0 = Debug|Any CPU
		{EC621806-9798-4C76-94BF-F49F2CEE79B9}.Debug|x64.ActiveCfg = Debug|Any CPU
		{EC621806-9798-4C76-94BF-F49F2CEE79B9}.Debug|x64.Build.0 = Debug|Any CPU
		{EC621806-9798-4C76-94BF-F49F2CEE79B9}.Debug|x86.ActiveCfg = Debug|Any CPU
		{EC621806-9798-4C76-94BF-F49F2CEE79B9}.Debug|x86.Build.0 = Debug|Any CPU
		{EC621806-9798-4C76-94BF-F49F2CEE79B9}.Release|Any CPU.ActiveCfg = Release|Any CPU
		{EC621806-9798-4C76-94BF-F49F2CEE79B9}.Release|Any CPU.Build.0 = Release|Any CPU
		{EC621806-9798-4C76-94BF-F49F2CEE79B9}.Release|x64.ActiveCfg = Release|Any CPU
		{EC621806-9798-4C76-94BF-F49F2CEE79B9}.Release|x64.Build.0 = Release|Any CPU
		{EC621806-9798-4C76-94BF-F49F2CEE79B9}.Release|x86.ActiveCfg = Release|Any CPU
		{EC621806-9798-4C76-94BF-F49F2CEE79B9}.Release|x86.Build.0 = Release|Any CPU
	EndGlobalSection
	GlobalSection(SolutionProperties) = preSolution
		HideSolutionNode = FALSE
	EndGlobalSection
	GlobalSection(ExtensibilityGlobals) = postSolution
		SolutionGuid = {83E64878-426F-4F62-BF42-3F638F764C58}
	EndGlobalSection
EndGlobal
