
Microsoft Visual Studio Solution File, Format Version 12.00
# Visual Studio Version 16
VisualStudioVersion = 16.0.28407.52
MinimumVisualStudioVersion = 10.0.40219.1
Project("{9A19103F-16F7-4668-BE54-9A1E7A4F7556}") = "FlatBuffers", "FlatBuffers\FlatBuffers.csproj", "{AF2E7059-6A62-482B-9760-12F6BDAA7593}"
EndProject
Project("{9A19103F-16F7-4668-BE54-9A1E7A4F7556}") = "NnCase.Cli", "NnCase.Cli\NnCase.Cli.csproj", "{EC621806-9798-4C76-94BF-F49F2CEE79B9}"
EndProject
Project("{9A19103F-16F7-4668-BE54-9A1E7A4F7556}") = "NnCase.IR", "NnCase.IR\NnCase.IR.csproj", "{336099F8-75AF-46C0-A021-9DF7AFE505C5}"
EndProject
Project("{9A19103F-16F7-4668-BE54-9A1E7A4F7556}") = "NnCase.Importer", "NnCase.Importer\NnCase.Importer.csproj", "{C1AEB7E1-EAD0-4A7A-B277-A4977B231E83}"
EndProject
Project("{9A19103F-16F7-4668-BE54-9A1E7A4F7556}") = "NnCase.Evaluation", "NnCase.Evaluation\NnCase.Evaluation.csproj", "{F415B81F-F85C-45AE-A755-AF2903498755}"
EndProject
Project("{9A19103F-16F7-4668-BE54-9A1E7A4F7556}") = "DotBuilder", "DotBuilder\DotBuilder.csproj", "{13F05EE5-975E-4BF2-BAD5-40CBB3EBD978}"
EndProject
Project("{9A19103F-16F7-4668-BE54-9A1E7A4F7556}") = "NnCase.Core", "NnCase.Core\NnCase.Core.csproj", "{A9034DAC-2A54-46B2-8428-B1CCB058CEB8}"
EndProject
Project("{9A19103F-16F7-4668-BE54-9A1E7A4F7556}") = "NnCase.Kernels", "NnCase.Kernels\NnCase.Kernels.csproj", "{DBBC42BF-7257-41CF-A747-EEBAC0FD3AB8}"
EndProject
Project("{9A19103F-16F7-4668-BE54-9A1E7A4F7556}") = "NnCase.Transforms", "NnCase.Transforms\NnCase.Transforms.csproj", "{36819C30-3C6E-408B-8867-1D3C2FF3D127}"
EndProject
Project("{9A19103F-16F7-4668-BE54-9A1E7A4F7556}") = "NnCase.Targets.CPU", "NnCase.Targets.CPU\NnCase.Targets.CPU.csproj", "{EA427B12-83DE-4B6D-8E0A-7FC23A81E481}"
EndProject
Project("{FAE04EC0-301F-11D3-BF4B-00C04F79EFBC}") = "NnCase.Targets", "NnCase.Targets\NnCase.Targets.csproj", "{FCD7C719-07D7-444A-BE78-4B05AB181193}"
EndProject
Project("{FAE04EC0-301F-11D3-BF4B-00C04F79EFBC}") = "C.math", "C.math\C.math.csproj", "{A4B31809-4952-4BB9-AC64-58B7A2470F62}"
EndProject
Project("{FAE04EC0-301F-11D3-BF4B-00C04F79EFBC}") = "NnCase.Targets.K210", "NnCase.Targets.K210\NnCase.Targets.K210.csproj", "{7BCC3DAA-8E39-4FF7-9101-668B464A8C4B}"
EndProject
Global
	GlobalSection(SolutionConfigurationPlatforms) = preSolution
		Debug|Any CPU = Debug|Any CPU
		Debug|x64 = Debug|x64
		Debug|x86 = Debug|x86
		Release|Any CPU = Release|Any CPU
		Release|x64 = Release|x64
		Release|x86 = Release|x86
	EndGlobalSection
	GlobalSection(ProjectConfigurationPlatforms) = postSolution
		{AF2E7059-6A62-482B-9760-12F6BDAA7593}.Debug|Any CPU.ActiveCfg = Debug|Any CPU
		{AF2E7059-6A62-482B-9760-12F6BDAA7593}.Debug|Any CPU.Build.0 = Debug|Any CPU
		{AF2E7059-6A62-482B-9760-12F6BDAA7593}.Debug|x64.ActiveCfg = Debug|Any CPU
		{AF2E7059-6A62-482B-9760-12F6BDAA7593}.Debug|x64.Build.0 = Debug|Any CPU
		{AF2E7059-6A62-482B-9760-12F6BDAA7593}.Debug|x86.ActiveCfg = Debug|Any CPU
		{AF2E7059-6A62-482B-9760-12F6BDAA7593}.Debug|x86.Build.0 = Debug|Any CPU
		{AF2E7059-6A62-482B-9760-12F6BDAA7593}.Release|Any CPU.ActiveCfg = Release|Any CPU
		{AF2E7059-6A62-482B-9760-12F6BDAA7593}.Release|Any CPU.Build.0 = Release|Any CPU
		{AF2E7059-6A62-482B-9760-12F6BDAA7593}.Release|x64.ActiveCfg = Release|Any CPU
		{AF2E7059-6A62-482B-9760-12F6BDAA7593}.Release|x64.Build.0 = Release|Any CPU
		{AF2E7059-6A62-482B-9760-12F6BDAA7593}.Release|x86.ActiveCfg = Release|Any CPU
		{AF2E7059-6A62-482B-9760-12F6BDAA7593}.Release|x86.Build.0 = Release|Any CPU
		{EC621806-9798-4C76-94BF-F49F2CEE79B9}.Debug|Any CPU.ActiveCfg = Debug|Any CPU
		{EC621806-9798-4C76-94BF-F49F2CEE79B9}.Debug|Any CPU.Build.0 = Debug|Any CPU
		{EC621806-9798-4C76-94BF-F49F2CEE79B9}.Debug|x64.ActiveCfg = Debug|Any CPU
		{EC621806-9798-4C76-94BF-F49F2CEE79B9}.Debug|x64.Build.0 = Debug|Any CPU
		{EC621806-9798-4C76-94BF-F49F2CEE79B9}.Debug|x86.ActiveCfg = Debug|Any CPU
		{EC621806-9798-4C76-94BF-F49F2CEE79B9}.Debug|x86.Build.0 = Debug|Any CPU
		{EC621806-9798-4C76-94BF-F49F2CEE79B9}.Release|Any CPU.ActiveCfg = Release|Any CPU
		{EC621806-9798-4C76-94BF-F49F2CEE79B9}.Release|Any CPU.Build.0 = Release|Any CPU
		{EC621806-9798-4C76-94BF-F49F2CEE79B9}.Release|x64.ActiveCfg = Release|Any CPU
		{EC621806-9798-4C76-94BF-F49F2CEE79B9}.Release|x64.Build.0 = Release|Any CPU
		{EC621806-9798-4C76-94BF-F49F2CEE79B9}.Release|x86.ActiveCfg = Release|Any CPU
		{EC621806-9798-4C76-94BF-F49F2CEE79B9}.Release|x86.Build.0 = Release|Any CPU
		{336099F8-75AF-46C0-A021-9DF7AFE505C5}.Debug|Any CPU.ActiveCfg = Debug|Any CPU
		{336099F8-75AF-46C0-A021-9DF7AFE505C5}.Debug|Any CPU.Build.0 = Debug|Any CPU
		{336099F8-75AF-46C0-A021-9DF7AFE505C5}.Debug|x64.ActiveCfg = Debug|Any CPU
		{336099F8-75AF-46C0-A021-9DF7AFE505C5}.Debug|x64.Build.0 = Debug|Any CPU
		{336099F8-75AF-46C0-A021-9DF7AFE505C5}.Debug|x86.ActiveCfg = Debug|Any CPU
		{336099F8-75AF-46C0-A021-9DF7AFE505C5}.Debug|x86.Build.0 = Debug|Any CPU
		{336099F8-75AF-46C0-A021-9DF7AFE505C5}.Release|Any CPU.ActiveCfg = Release|Any CPU
		{336099F8-75AF-46C0-A021-9DF7AFE505C5}.Release|Any CPU.Build.0 = Release|Any CPU
		{336099F8-75AF-46C0-A021-9DF7AFE505C5}.Release|x64.ActiveCfg = Release|Any CPU
		{336099F8-75AF-46C0-A021-9DF7AFE505C5}.Release|x64.Build.0 = Release|Any CPU
		{336099F8-75AF-46C0-A021-9DF7AFE505C5}.Release|x86.ActiveCfg = Release|Any CPU
		{336099F8-75AF-46C0-A021-9DF7AFE505C5}.Release|x86.Build.0 = Release|Any CPU
		{C1AEB7E1-EAD0-4A7A-B277-A4977B231E83}.Debug|Any CPU.ActiveCfg = Debug|Any CPU
		{C1AEB7E1-EAD0-4A7A-B277-A4977B231E83}.Debug|Any CPU.Build.0 = Debug|Any CPU
		{C1AEB7E1-EAD0-4A7A-B277-A4977B231E83}.Debug|x64.ActiveCfg = Debug|Any CPU
		{C1AEB7E1-EAD0-4A7A-B277-A4977B231E83}.Debug|x64.Build.0 = Debug|Any CPU
		{C1AEB7E1-EAD0-4A7A-B277-A4977B231E83}.Debug|x86.ActiveCfg = Debug|Any CPU
		{C1AEB7E1-EAD0-4A7A-B277-A4977B231E83}.Debug|x86.Build.0 = Debug|Any CPU
		{C1AEB7E1-EAD0-4A7A-B277-A4977B231E83}.Release|Any CPU.ActiveCfg = Release|Any CPU
		{C1AEB7E1-EAD0-4A7A-B277-A4977B231E83}.Release|Any CPU.Build.0 = Release|Any CPU
		{C1AEB7E1-EAD0-4A7A-B277-A4977B231E83}.Release|x64.ActiveCfg = Release|Any CPU
		{C1AEB7E1-EAD0-4A7A-B277-A4977B231E83}.Release|x64.Build.0 = Release|Any CPU
		{C1AEB7E1-EAD0-4A7A-B277-A4977B231E83}.Release|x86.ActiveCfg = Release|Any CPU
		{C1AEB7E1-EAD0-4A7A-B277-A4977B231E83}.Release|x86.Build.0 = Release|Any CPU
		{F415B81F-F85C-45AE-A755-AF2903498755}.Debug|Any CPU.ActiveCfg = Debug|Any CPU
		{F415B81F-F85C-45AE-A755-AF2903498755}.Debug|Any CPU.Build.0 = Debug|Any CPU
		{F415B81F-F85C-45AE-A755-AF2903498755}.Debug|x64.ActiveCfg = Debug|Any CPU
		{F415B81F-F85C-45AE-A755-AF2903498755}.Debug|x64.Build.0 = Debug|Any CPU
		{F415B81F-F85C-45AE-A755-AF2903498755}.Debug|x86.ActiveCfg = Debug|Any CPU
		{F415B81F-F85C-45AE-A755-AF2903498755}.Debug|x86.Build.0 = Debug|Any CPU
		{F415B81F-F85C-45AE-A755-AF2903498755}.Release|Any CPU.ActiveCfg = Release|Any CPU
		{F415B81F-F85C-45AE-A755-AF2903498755}.Release|Any CPU.Build.0 = Release|Any CPU
		{F415B81F-F85C-45AE-A755-AF2903498755}.Release|x64.ActiveCfg = Release|Any CPU
		{F415B81F-F85C-45AE-A755-AF2903498755}.Release|x64.Build.0 = Release|Any CPU
		{F415B81F-F85C-45AE-A755-AF2903498755}.Release|x86.ActiveCfg = Release|Any CPU
		{F415B81F-F85C-45AE-A755-AF2903498755}.Release|x86.Build.0 = Release|Any CPU
		{13F05EE5-975E-4BF2-BAD5-40CBB3EBD978}.Debug|Any CPU.ActiveCfg = Debug|Any CPU
		{13F05EE5-975E-4BF2-BAD5-40CBB3EBD978}.Debug|Any CPU.Build.0 = Debug|Any CPU
		{13F05EE5-975E-4BF2-BAD5-40CBB3EBD978}.Debug|x64.ActiveCfg = Debug|Any CPU
		{13F05EE5-975E-4BF2-BAD5-40CBB3EBD978}.Debug|x64.Build.0 = Debug|Any CPU
		{13F05EE5-975E-4BF2-BAD5-40CBB3EBD978}.Debug|x86.ActiveCfg = Debug|Any CPU
		{13F05EE5-975E-4BF2-BAD5-40CBB3EBD978}.Debug|x86.Build.0 = Debug|Any CPU
		{13F05EE5-975E-4BF2-BAD5-40CBB3EBD978}.Release|Any CPU.ActiveCfg = Release|Any CPU
		{13F05EE5-975E-4BF2-BAD5-40CBB3EBD978}.Release|Any CPU.Build.0 = Release|Any CPU
		{13F05EE5-975E-4BF2-BAD5-40CBB3EBD978}.Release|x64.ActiveCfg = Release|Any CPU
		{13F05EE5-975E-4BF2-BAD5-40CBB3EBD978}.Release|x64.Build.0 = Release|Any CPU
		{13F05EE5-975E-4BF2-BAD5-40CBB3EBD978}.Release|x86.ActiveCfg = Release|Any CPU
		{13F05EE5-975E-4BF2-BAD5-40CBB3EBD978}.Release|x86.Build.0 = Release|Any CPU
		{A9034DAC-2A54-46B2-8428-B1CCB058CEB8}.Debug|Any CPU.ActiveCfg = Debug|Any CPU
		{A9034DAC-2A54-46B2-8428-B1CCB058CEB8}.Debug|Any CPU.Build.0 = Debug|Any CPU
		{A9034DAC-2A54-46B2-8428-B1CCB058CEB8}.Debug|x64.ActiveCfg = Debug|Any CPU
		{A9034DAC-2A54-46B2-8428-B1CCB058CEB8}.Debug|x64.Build.0 = Debug|Any CPU
		{A9034DAC-2A54-46B2-8428-B1CCB058CEB8}.Debug|x86.ActiveCfg = Debug|Any CPU
		{A9034DAC-2A54-46B2-8428-B1CCB058CEB8}.Debug|x86.Build.0 = Debug|Any CPU
		{A9034DAC-2A54-46B2-8428-B1CCB058CEB8}.Release|Any CPU.ActiveCfg = Release|Any CPU
		{A9034DAC-2A54-46B2-8428-B1CCB058CEB8}.Release|Any CPU.Build.0 = Release|Any CPU
		{A9034DAC-2A54-46B2-8428-B1CCB058CEB8}.Release|x64.ActiveCfg = Release|Any CPU
		{A9034DAC-2A54-46B2-8428-B1CCB058CEB8}.Release|x64.Build.0 = Release|Any CPU
		{A9034DAC-2A54-46B2-8428-B1CCB058CEB8}.Release|x86.ActiveCfg = Release|Any CPU
		{A9034DAC-2A54-46B2-8428-B1CCB058CEB8}.Release|x86.Build.0 = Release|Any CPU
		{DBBC42BF-7257-41CF-A747-EEBAC0FD3AB8}.Debug|Any CPU.ActiveCfg = Debug|Any CPU
		{DBBC42BF-7257-41CF-A747-EEBAC0FD3AB8}.Debug|Any CPU.Build.0 = Debug|Any CPU
		{DBBC42BF-7257-41CF-A747-EEBAC0FD3AB8}.Debug|x64.ActiveCfg = Debug|Any CPU
		{DBBC42BF-7257-41CF-A747-EEBAC0FD3AB8}.Debug|x64.Build.0 = Debug|Any CPU
		{DBBC42BF-7257-41CF-A747-EEBAC0FD3AB8}.Debug|x86.ActiveCfg = Debug|Any CPU
		{DBBC42BF-7257-41CF-A747-EEBAC0FD3AB8}.Debug|x86.Build.0 = Debug|Any CPU
		{DBBC42BF-7257-41CF-A747-EEBAC0FD3AB8}.Release|Any CPU.ActiveCfg = Release|Any CPU
		{DBBC42BF-7257-41CF-A747-EEBAC0FD3AB8}.Release|Any CPU.Build.0 = Release|Any CPU
		{DBBC42BF-7257-41CF-A747-EEBAC0FD3AB8}.Release|x64.ActiveCfg = Release|Any CPU
		{DBBC42BF-7257-41CF-A747-EEBAC0FD3AB8}.Release|x64.Build.0 = Release|Any CPU
		{DBBC42BF-7257-41CF-A747-EEBAC0FD3AB8}.Release|x86.ActiveCfg = Release|Any CPU
		{DBBC42BF-7257-41CF-A747-EEBAC0FD3AB8}.Release|x86.Build.0 = Release|Any CPU
		{36819C30-3C6E-408B-8867-1D3C2FF3D127}.Debug|Any CPU.ActiveCfg = Debug|Any CPU
		{36819C30-3C6E-408B-8867-1D3C2FF3D127}.Debug|Any CPU.Build.0 = Debug|Any CPU
		{36819C30-3C6E-408B-8867-1D3C2FF3D127}.Debug|x64.ActiveCfg = Debug|Any CPU
		{36819C30-3C6E-408B-8867-1D3C2FF3D127}.Debug|x64.Build.0 = Debug|Any CPU
		{36819C30-3C6E-408B-8867-1D3C2FF3D127}.Debug|x86.ActiveCfg = Debug|Any CPU
		{36819C30-3C6E-408B-8867-1D3C2FF3D127}.Debug|x86.Build.0 = Debug|Any CPU
		{36819C30-3C6E-408B-8867-1D3C2FF3D127}.Release|Any CPU.ActiveCfg = Release|Any CPU
		{36819C30-3C6E-408B-8867-1D3C2FF3D127}.Release|Any CPU.Build.0 = Release|Any CPU
		{36819C30-3C6E-408B-8867-1D3C2FF3D127}.Release|x64.ActiveCfg = Release|Any CPU
		{36819C30-3C6E-408B-8867-1D3C2FF3D127}.Release|x64.Build.0 = Release|Any CPU
		{36819C30-3C6E-408B-8867-1D3C2FF3D127}.Release|x86.ActiveCfg = Release|Any CPU
		{36819C30-3C6E-408B-8867-1D3C2FF3D127}.Release|x86.Build.0 = Release|Any CPU
		{EA427B12-83DE-4B6D-8E0A-7FC23A81E481}.Debug|Any CPU.ActiveCfg = Debug|Any CPU
		{EA427B12-83DE-4B6D-8E0A-7FC23A81E481}.Debug|Any CPU.Build.0 = Debug|Any CPU
		{EA427B12-83DE-4B6D-8E0A-7FC23A81E481}.Debug|x64.ActiveCfg = Debug|Any CPU
		{EA427B12-83DE-4B6D-8E0A-7FC23A81E481}.Debug|x64.Build.0 = Debug|Any CPU
		{EA427B12-83DE-4B6D-8E0A-7FC23A81E481}.Debug|x86.ActiveCfg = Debug|Any CPU
		{EA427B12-83DE-4B6D-8E0A-7FC23A81E481}.Debug|x86.Build.0 = Debug|Any CPU
		{EA427B12-83DE-4B6D-8E0A-7FC23A81E481}.Release|Any CPU.ActiveCfg = Release|Any CPU
		{EA427B12-83DE-4B6D-8E0A-7FC23A81E481}.Release|Any CPU.Build.0 = Release|Any CPU
		{EA427B12-83DE-4B6D-8E0A-7FC23A81E481}.Release|x64.ActiveCfg = Release|Any CPU
		{EA427B12-83DE-4B6D-8E0A-7FC23A81E481}.Release|x64.Build.0 = Release|Any CPU
		{EA427B12-83DE-4B6D-8E0A-7FC23A81E481}.Release|x86.ActiveCfg = Release|Any CPU
		{EA427B12-83DE-4B6D-8E0A-7FC23A81E481}.Release|x86.Build.0 = Release|Any CPU
		{FCD7C719-07D7-444A-BE78-4B05AB181193}.Debug|Any CPU.ActiveCfg = Debug|Any CPU
		{FCD7C719-07D7-444A-BE78-4B05AB181193}.Debug|Any CPU.Build.0 = Debug|Any CPU
		{FCD7C719-07D7-444A-BE78-4B05AB181193}.Debug|x64.ActiveCfg = Debug|Any CPU
		{FCD7C719-07D7-444A-BE78-4B05AB181193}.Debug|x64.Build.0 = Debug|Any CPU
		{FCD7C719-07D7-444A-BE78-4B05AB181193}.Debug|x86.ActiveCfg = Debug|Any CPU
		{FCD7C719-07D7-444A-BE78-4B05AB181193}.Debug|x86.Build.0 = Debug|Any CPU
		{FCD7C719-07D7-444A-BE78-4B05AB181193}.Release|Any CPU.ActiveCfg = Release|Any CPU
		{FCD7C719-07D7-444A-BE78-4B05AB181193}.Release|Any CPU.Build.0 = Release|Any CPU
		{FCD7C719-07D7-444A-BE78-4B05AB181193}.Release|x64.ActiveCfg = Release|Any CPU
		{FCD7C719-07D7-444A-BE78-4B05AB181193}.Release|x64.Build.0 = Release|Any CPU
		{FCD7C719-07D7-444A-BE78-4B05AB181193}.Release|x86.ActiveCfg = Release|Any CPU
		{FCD7C719-07D7-444A-BE78-4B05AB181193}.Release|x86.Build.0 = Release|Any CPU
		{A4B31809-4952-4BB9-AC64-58B7A2470F62}.Debug|Any CPU.ActiveCfg = Debug|Any CPU
		{A4B31809-4952-4BB9-AC64-58B7A2470F62}.Debug|Any CPU.Build.0 = Debug|Any CPU
		{A4B31809-4952-4BB9-AC64-58B7A2470F62}.Debug|x64.ActiveCfg = Debug|Any CPU
		{A4B31809-4952-4BB9-AC64-58B7A2470F62}.Debug|x64.Build.0 = Debug|Any CPU
		{A4B31809-4952-4BB9-AC64-58B7A2470F62}.Debug|x86.ActiveCfg = Debug|Any CPU
		{A4B31809-4952-4BB9-AC64-58B7A2470F62}.Debug|x86.Build.0 = Debug|Any CPU
		{A4B31809-4952-4BB9-AC64-58B7A2470F62}.Release|Any CPU.ActiveCfg = Release|Any CPU
		{A4B31809-4952-4BB9-AC64-58B7A2470F62}.Release|Any CPU.Build.0 = Release|Any CPU
		{A4B31809-4952-4BB9-AC64-58B7A2470F62}.Release|x64.ActiveCfg = Release|Any CPU
		{A4B31809-4952-4BB9-AC64-58B7A2470F62}.Release|x64.Build.0 = Release|Any CPU
		{A4B31809-4952-4BB9-AC64-58B7A2470F62}.Release|x86.ActiveCfg = Release|Any CPU
		{A4B31809-4952-4BB9-AC64-58B7A2470F62}.Release|x86.Build.0 = Release|Any CPU
		{7BCC3DAA-8E39-4FF7-9101-668B464A8C4B}.Debug|Any CPU.ActiveCfg = Debug|Any CPU
		{7BCC3DAA-8E39-4FF7-9101-668B464A8C4B}.Debug|Any CPU.Build.0 = Debug|Any CPU
		{7BCC3DAA-8E39-4FF7-9101-668B464A8C4B}.Debug|x64.ActiveCfg = Debug|Any CPU
		{7BCC3DAA-8E39-4FF7-9101-668B464A8C4B}.Debug|x64.Build.0 = Debug|Any CPU
		{7BCC3DAA-8E39-4FF7-9101-668B464A8C4B}.Debug|x86.ActiveCfg = Debug|Any CPU
		{7BCC3DAA-8E39-4FF7-9101-668B464A8C4B}.Debug|x86.Build.0 = Debug|Any CPU
		{7BCC3DAA-8E39-4FF7-9101-668B464A8C4B}.Release|Any CPU.ActiveCfg = Release|Any CPU
		{7BCC3DAA-8E39-4FF7-9101-668B464A8C4B}.Release|Any CPU.Build.0 = Release|Any CPU
		{7BCC3DAA-8E39-4FF7-9101-668B464A8C4B}.Release|x64.ActiveCfg = Release|Any CPU
		{7BCC3DAA-8E39-4FF7-9101-668B464A8C4B}.Release|x64.Build.0 = Release|Any CPU
		{7BCC3DAA-8E39-4FF7-9101-668B464A8C4B}.Release|x86.ActiveCfg = Release|Any CPU
		{7BCC3DAA-8E39-4FF7-9101-668B464A8C4B}.Release|x86.Build.0 = Release|Any CPU
	EndGlobalSection
	GlobalSection(SolutionProperties) = preSolution
		HideSolutionNode = FALSE
	EndGlobalSection
	GlobalSection(ExtensibilityGlobals) = postSolution
		SolutionGuid = {83E64878-426F-4F62-BF42-3F638F764C58}
	EndGlobalSection
EndGlobal
